// !$*UTF8*$!
{
	archiveVersion = 1;
	classes = {
	};
	objectVersion = 55;
	objects = {

/* Begin PBXBuildFile section */
		2D05767627EDAFEE00705AB7 /* ConfirmCharacterViewController.swift in Sources */ = {isa = PBXBuildFile; fileRef = 2D05767527EDAFEE00705AB7 /* ConfirmCharacterViewController.swift */; };
		2D05C116280956E600925681 /* WriteComplimentViewController.swift in Sources */ = {isa = PBXBuildFile; fileRef = 2D05C115280956E500925681 /* WriteComplimentViewController.swift */; };
		2D05C118280A541E00925681 /* HashTagView.swift in Sources */ = {isa = PBXBuildFile; fileRef = 2D05C117280A541E00925681 /* HashTagView.swift */; };
		2D05C11A280A590800925681 /* ComplimentWithOneTagCell.swift in Sources */ = {isa = PBXBuildFile; fileRef = 2D05C119280A590800925681 /* ComplimentWithOneTagCell.swift */; };
		2D05C11E280A6A9200925681 /* ComplimentWithTwoTagCell.swift in Sources */ = {isa = PBXBuildFile; fileRef = 2D05C11D280A6A9200925681 /* ComplimentWithTwoTagCell.swift */; };
		2D05C120280A6B0800925681 /* ComplimentWithNoTagCell.swift in Sources */ = {isa = PBXBuildFile; fileRef = 2D05C11F280A6B0800925681 /* ComplimentWithNoTagCell.swift */; };
		2D05C124280A92FC00925681 /* BaseTabBarView.swift in Sources */ = {isa = PBXBuildFile; fileRef = 2D05C123280A92FC00925681 /* BaseTabBarView.swift */; };
		2D05C126280A96FF00925681 /* ComplimentListResponse.swift in Sources */ = {isa = PBXBuildFile; fileRef = 2D05C125280A96FF00925681 /* ComplimentListResponse.swift */; };
		2D16DDF027E31F8200A43E5D /* SplashViewController.swift in Sources */ = {isa = PBXBuildFile; fileRef = 2D16DDEF27E31F8200A43E5D /* SplashViewController.swift */; };
		2D16DDF327E321DD00A43E5D /* LoginSwitcher.swift in Sources */ = {isa = PBXBuildFile; fileRef = 2D16DDF227E321DD00A43E5D /* LoginSwitcher.swift */; };
		2D1EC9A727DF65E300EE1D96 /* Image.swift in Sources */ = {isa = PBXBuildFile; fileRef = 2D1EC9A627DF65E300EE1D96 /* Image.swift */; };
		2D1EC9AB27DF6F2600EE1D96 /* StartMode.swift in Sources */ = {isa = PBXBuildFile; fileRef = 2D1EC9AA27DF6F2600EE1D96 /* StartMode.swift */; };
		2D1EC9B127DF712D00EE1D96 /* CalendarViewController.swift in Sources */ = {isa = PBXBuildFile; fileRef = 2D1EC9B027DF712D00EE1D96 /* CalendarViewController.swift */; };
		2D1EC9B327DF716500EE1D96 /* SelectShapeViewController.swift in Sources */ = {isa = PBXBuildFile; fileRef = 2D1EC9B227DF716500EE1D96 /* SelectShapeViewController.swift */; };
		2D246BEF27BF6E0600546F28 /* AppDelegate.swift in Sources */ = {isa = PBXBuildFile; fileRef = 2D246BEE27BF6E0600546F28 /* AppDelegate.swift */; };
		2D246BF127BF6E0600546F28 /* SceneDelegate.swift in Sources */ = {isa = PBXBuildFile; fileRef = 2D246BF027BF6E0600546F28 /* SceneDelegate.swift */; };
		2D246BF327BF6E0600546F28 /* StartSignInViewController.swift in Sources */ = {isa = PBXBuildFile; fileRef = 2D246BF227BF6E0600546F28 /* StartSignInViewController.swift */; };
		2D246BF927BF6E0600546F28 /* Seldeog.xcdatamodeld in Sources */ = {isa = PBXBuildFile; fileRef = 2D246BF727BF6E0600546F28 /* Seldeog.xcdatamodeld */; };
		2D246BFB27BF6E0700546F28 /* Assets.xcassets in Resources */ = {isa = PBXBuildFile; fileRef = 2D246BFA27BF6E0700546F28 /* Assets.xcassets */; };
		2D246BFE27BF6E0700546F28 /* LaunchScreen.storyboard in Resources */ = {isa = PBXBuildFile; fileRef = 2D246BFC27BF6E0700546F28 /* LaunchScreen.storyboard */; };
		2D2ADEFD27CF47620034A602 /* UIButton+Extension.swift in Sources */ = {isa = PBXBuildFile; fileRef = 2D2ADEFC27CF47620034A602 /* UIButton+Extension.swift */; };
		2D2ADEFF27CF47ED0034A602 /* UIColor+Extension.swift in Sources */ = {isa = PBXBuildFile; fileRef = 2D2ADEFE27CF47ED0034A602 /* UIColor+Extension.swift */; };
		2D2ADF0127CF4ADC0034A602 /* UIView+Extension.swift in Sources */ = {isa = PBXBuildFile; fileRef = 2D2ADF0027CF4ADC0034A602 /* UIView+Extension.swift */; };
		2D2ADF0427CF4D5B0034A602 /* SignInViewController.swift in Sources */ = {isa = PBXBuildFile; fileRef = 2D2ADF0327CF4D5B0034A602 /* SignInViewController.swift */; };
		2D2ADF0627CF4D610034A602 /* SignUpViewController.swift in Sources */ = {isa = PBXBuildFile; fileRef = 2D2ADF0527CF4D610034A602 /* SignUpViewController.swift */; };
		2D2ADF0827CF58CA0034A602 /* UITextField+Extension.swift in Sources */ = {isa = PBXBuildFile; fileRef = 2D2ADF0727CF58CA0034A602 /* UITextField+Extension.swift */; };
		2D32068027FEC36100BFE30E /* UserAPI.swift in Sources */ = {isa = PBXBuildFile; fileRef = 2D32067F27FEC36100BFE30E /* UserAPI.swift */; };
		2D32068227FEC92300BFE30E /* UserRepository.swift in Sources */ = {isa = PBXBuildFile; fileRef = 2D32068127FEC92300BFE30E /* UserRepository.swift */; };
		2D32068427FECDB800BFE30E /* UserResponse.swift in Sources */ = {isa = PBXBuildFile; fileRef = 2D32068327FECDB800BFE30E /* UserResponse.swift */; };
		2D3685C52826309A00467C17 /* InfoPlist.strings in Resources */ = {isa = PBXBuildFile; fileRef = 2D3685C72826309A00467C17 /* InfoPlist.strings */; };
		2D47BA2E27E6FAC1007D83F1 /* MakeCharacterViewCell.swift in Sources */ = {isa = PBXBuildFile; fileRef = 2D47BA2D27E6FAC1007D83F1 /* MakeCharacterViewCell.swift */; };
		2D7F12CF281D06DF00016DF3 /* 10percent.json in Resources */ = {isa = PBXBuildFile; fileRef = 2D7F12C5281D06DE00016DF3 /* 10percent.json */; };
		2D7F12D0281D06DF00016DF3 /* 90percent.json in Resources */ = {isa = PBXBuildFile; fileRef = 2D7F12C6281D06DE00016DF3 /* 90percent.json */; };
		2D7F12D1281D06DF00016DF3 /* 40percent.json in Resources */ = {isa = PBXBuildFile; fileRef = 2D7F12C7281D06DE00016DF3 /* 40percent.json */; };
		2D7F12D2281D06DF00016DF3 /* 50percent.json in Resources */ = {isa = PBXBuildFile; fileRef = 2D7F12C8281D06DF00016DF3 /* 50percent.json */; };
		2D7F12D3281D06DF00016DF3 /* 80percent.json in Resources */ = {isa = PBXBuildFile; fileRef = 2D7F12C9281D06DF00016DF3 /* 80percent.json */; };
		2D7F12D4281D06DF00016DF3 /* 98percent.json in Resources */ = {isa = PBXBuildFile; fileRef = 2D7F12CA281D06DF00016DF3 /* 98percent.json */; };
		2D7F12D5281D06DF00016DF3 /* 70percent.json in Resources */ = {isa = PBXBuildFile; fileRef = 2D7F12CB281D06DF00016DF3 /* 70percent.json */; };
		2D7F12D6281D06DF00016DF3 /* 20percent.json in Resources */ = {isa = PBXBuildFile; fileRef = 2D7F12CC281D06DF00016DF3 /* 20percent.json */; };
		2D7F12D7281D06DF00016DF3 /* 30percent.json in Resources */ = {isa = PBXBuildFile; fileRef = 2D7F12CD281D06DF00016DF3 /* 30percent.json */; };
		2D7F12D8281D06DF00016DF3 /* 60percent.json in Resources */ = {isa = PBXBuildFile; fileRef = 2D7F12CE281D06DF00016DF3 /* 60percent.json */; };
		2D7F12DD281D5B0300016DF3 /* GIF+Extension.swift in Sources */ = {isa = PBXBuildFile; fileRef = 2D7F12DC281D5B0300016DF3 /* GIF+Extension.swift */; };
		2D7F12DF281D74B200016DF3 /* seldukGIF.gif in Resources */ = {isa = PBXBuildFile; fileRef = 2D7F12DE281D74B200016DF3 /* seldukGIF.gif */; };
		2D7F12E5281E82C800016DF3 /* GuideMainViewController.swift in Sources */ = {isa = PBXBuildFile; fileRef = 2D7F12E4281E82C800016DF3 /* GuideMainViewController.swift */; };
		2D7F12E7281E858A00016DF3 /* GuideWithImageViewController.swift in Sources */ = {isa = PBXBuildFile; fileRef = 2D7F12E6281E858A00016DF3 /* GuideWithImageViewController.swift */; };
		2D7F12E9281E8BB100016DF3 /* GuideWithButtonViewController.swift in Sources */ = {isa = PBXBuildFile; fileRef = 2D7F12E8281E8BB100016DF3 /* GuideWithButtonViewController.swift */; };
		2D8C547C27F6BBF100308875 /* SelectColorViewController.swift in Sources */ = {isa = PBXBuildFile; fileRef = 2D8C547B27F6BBF100308875 /* SelectColorViewController.swift */; };
		2D8C547E27F6BF3800308875 /* SelectColorCell.swift in Sources */ = {isa = PBXBuildFile; fileRef = 2D8C547D27F6BF3800308875 /* SelectColorCell.swift */; };
		2D94DE9B27FD48D7006C6A01 /* CalendarView+Style.swift in Sources */ = {isa = PBXBuildFile; fileRef = 2D94DE9227FD48D7006C6A01 /* CalendarView+Style.swift */; };
		2D94DE9C27FD48D7006C6A01 /* CalendarDayCell.swift in Sources */ = {isa = PBXBuildFile; fileRef = 2D94DE9327FD48D7006C6A01 /* CalendarDayCell.swift */; };
		2D94DE9D27FD48D7006C6A01 /* CalendarHeaderView.swift in Sources */ = {isa = PBXBuildFile; fileRef = 2D94DE9427FD48D7006C6A01 /* CalendarHeaderView.swift */; };
		2D94DE9E27FD48D7006C6A01 /* CalendarView+DataSource.swift in Sources */ = {isa = PBXBuildFile; fileRef = 2D94DE9527FD48D7006C6A01 /* CalendarView+DataSource.swift */; };
		2D94DE9F27FD48D7006C6A01 /* EventsManager.swift in Sources */ = {isa = PBXBuildFile; fileRef = 2D94DE9627FD48D7006C6A01 /* EventsManager.swift */; };
		2D94DEA027FD48D7006C6A01 /* CalendarView+Delegate.swift in Sources */ = {isa = PBXBuildFile; fileRef = 2D94DE9727FD48D7006C6A01 /* CalendarView+Delegate.swift */; };
		2D94DEA127FD48D7006C6A01 /* CalendarView+Extensions.swift in Sources */ = {isa = PBXBuildFile; fileRef = 2D94DE9827FD48D7006C6A01 /* CalendarView+Extensions.swift */; };
		2D94DEA227FD48D7006C6A01 /* CalendarFlowLayout.swift in Sources */ = {isa = PBXBuildFile; fileRef = 2D94DE9927FD48D7006C6A01 /* CalendarFlowLayout.swift */; };
		2D94DEA327FD48D7006C6A01 /* CalendarView.swift in Sources */ = {isa = PBXBuildFile; fileRef = 2D94DE9A27FD48D7006C6A01 /* CalendarView.swift */; };
		2D94DEA527FD5423006C6A01 /* Date+Extension.swift in Sources */ = {isa = PBXBuildFile; fileRef = 2D94DEA427FD5423006C6A01 /* Date+Extension.swift */; };
		2D94DEA827FD76A5006C6A01 /* SettingViewController.swift in Sources */ = {isa = PBXBuildFile; fileRef = 2D94DEA727FD76A5006C6A01 /* SettingViewController.swift */; };
		2D94DEAC27FD7C55006C6A01 /* SettingNextCell.swift in Sources */ = {isa = PBXBuildFile; fileRef = 2D94DEAB27FD7C55006C6A01 /* SettingNextCell.swift */; };
		2D94DEAE27FD815A006C6A01 /* SettingInfo.swift in Sources */ = {isa = PBXBuildFile; fileRef = 2D94DEAD27FD815A006C6A01 /* SettingInfo.swift */; };
		2D94DEB327FDC9CB006C6A01 /* SettingTextCell.swift in Sources */ = {isa = PBXBuildFile; fileRef = 2D94DEB227FDC9CB006C6A01 /* SettingTextCell.swift */; };
		2D97E6ED27EAE8400029DE35 /* SelectFeatureViewController.swift in Sources */ = {isa = PBXBuildFile; fileRef = 2D97E6EC27EAE8400029DE35 /* SelectFeatureViewController.swift */; };
		2D97E6EF27EAE9D30029DE35 /* CharacterData.swift in Sources */ = {isa = PBXBuildFile; fileRef = 2D97E6EE27EAE9D30029DE35 /* CharacterData.swift */; };
		2D97E6F127EAFD900029DE35 /* SetCharacterNameViewController.swift in Sources */ = {isa = PBXBuildFile; fileRef = 2D97E6F027EAFD900029DE35 /* SetCharacterNameViewController.swift */; };
		2DBF1D9027D0819300285A0B /* AuthAPI.swift in Sources */ = {isa = PBXBuildFile; fileRef = 2DBF1D8F27D0819300285A0B /* AuthAPI.swift */; };
		2DBF1D9427D081AC00285A0B /* AuthRepository.swift in Sources */ = {isa = PBXBuildFile; fileRef = 2DBF1D9327D081AC00285A0B /* AuthRepository.swift */; };
		2DBF1D9627D0829B00285A0B /* BaseTargetType.swift in Sources */ = {isa = PBXBuildFile; fileRef = 2DBF1D9527D0829B00285A0B /* BaseTargetType.swift */; };
		2DBF1D9927D086EE00285A0B /* NetworkResult.swift in Sources */ = {isa = PBXBuildFile; fileRef = 2DBF1D9827D086EE00285A0B /* NetworkResult.swift */; };
		2DC52117280AD81300A983FA /* ModifyComplimentViewController.swift in Sources */ = {isa = PBXBuildFile; fileRef = 2DC52116280AD81300A983FA /* ModifyComplimentViewController.swift */; };
		2DC52119280AE82600A983FA /* HideBackButtonNavigationController.swift in Sources */ = {isa = PBXBuildFile; fileRef = 2DC52118280AE82600A983FA /* HideBackButtonNavigationController.swift */; };
		2DC5211B280D3EF700A983FA /* SelectColorView.swift in Sources */ = {isa = PBXBuildFile; fileRef = 2DC5211A280D3EF700A983FA /* SelectColorView.swift */; };
		2DC5211D280E4E0D00A983FA /* CalendarResponse.swift in Sources */ = {isa = PBXBuildFile; fileRef = 2DC5211C280E4E0D00A983FA /* CalendarResponse.swift */; };
		2DC52120280E807100A983FA /* AboutMeVIewController.swift in Sources */ = {isa = PBXBuildFile; fileRef = 2DC5211F280E807100A983FA /* AboutMeVIewController.swift */; };
		2DC52122280E900B00A983FA /* PastComplimentViewController.swift in Sources */ = {isa = PBXBuildFile; fileRef = 2DC52121280E900B00A983FA /* PastComplimentViewController.swift */; };
		2DC52125280E94DE00A983FA /* PastComplimentWithNoTagCell.swift in Sources */ = {isa = PBXBuildFile; fileRef = 2DC52124280E94DE00A983FA /* PastComplimentWithNoTagCell.swift */; };
		2DC52127280E953D00A983FA /* PastComplimentWithOneTagCell.swift in Sources */ = {isa = PBXBuildFile; fileRef = 2DC52126280E953D00A983FA /* PastComplimentWithOneTagCell.swift */; };
		2DC52129280E95EF00A983FA /* PastComplimentWIthTwoTagCell.swift in Sources */ = {isa = PBXBuildFile; fileRef = 2DC52128280E95EF00A983FA /* PastComplimentWIthTwoTagCell.swift */; };
		2DC5212B280E98F600A983FA /* DateFormatters.swift in Sources */ = {isa = PBXBuildFile; fileRef = 2DC5212A280E98F600A983FA /* DateFormatters.swift */; };
		2DC5212D280FCFC700A983FA /* AboutMeCell.swift in Sources */ = {isa = PBXBuildFile; fileRef = 2DC5212C280FCFC700A983FA /* AboutMeCell.swift */; };
		2DC52132280FFD6100A983FA /* WriteFeatureViewController.swift in Sources */ = {isa = PBXBuildFile; fileRef = 2DC52131280FFD6100A983FA /* WriteFeatureViewController.swift */; };
		2DC52134281001DE00A983FA /* AboutMeResponse.swift in Sources */ = {isa = PBXBuildFile; fileRef = 2DC52133281001DE00A983FA /* AboutMeResponse.swift */; };
		2DC5213628101A7100A983FA /* ModifyFeatureViewController.swift in Sources */ = {isa = PBXBuildFile; fileRef = 2DC5213528101A7100A983FA /* ModifyFeatureViewController.swift */; };
		2DDDD45327E1C0FD00FC289C /* NanumBarunpenR.otf in Resources */ = {isa = PBXBuildFile; fileRef = 2DDDD45127E1C0FD00FC289C /* NanumBarunpenR.otf */; };
		2DDDD45427E1C0FD00FC289C /* NanumBarunpenB.otf in Resources */ = {isa = PBXBuildFile; fileRef = 2DDDD45227E1C0FD00FC289C /* NanumBarunpenB.otf */; };
		2DDDD45627E1C22900FC289C /* Font.swift in Sources */ = {isa = PBXBuildFile; fileRef = 2DDDD45527E1C22900FC289C /* Font.swift */; };
		2DDDD45827E1C5C300FC289C /* BaseViewController.swift in Sources */ = {isa = PBXBuildFile; fileRef = 2DDDD45727E1C5C300FC289C /* BaseViewController.swift */; };
		2DE2B289281287ED00300B24 /* SelfLoveViewController.swift in Sources */ = {isa = PBXBuildFile; fileRef = 2DE2B288281287ED00300B24 /* SelfLoveViewController.swift */; };
		2DE2B28B2812927800300B24 /* SelfLoveResponse.swift in Sources */ = {isa = PBXBuildFile; fileRef = 2DE2B28A2812927800300B24 /* SelfLoveResponse.swift */; };
		2DE2B2A22816877300300B24 /* confetti1.json in Resources */ = {isa = PBXBuildFile; fileRef = 2DE2B2A12816877300300B24 /* confetti1.json */; };
		2DE2B2A4281687A000300B24 /* confetti2.json in Resources */ = {isa = PBXBuildFile; fileRef = 2DE2B2A3281687A000300B24 /* confetti2.json */; };
		2DE2B2A82816884400300B24 /* Animation.swift in Sources */ = {isa = PBXBuildFile; fileRef = 2DE2B2A72816884400300B24 /* Animation.swift */; };
		2DE8363827F42E0B00DECB35 /* ValidateButton.swift in Sources */ = {isa = PBXBuildFile; fileRef = 2DE8363727F42E0B00DECB35 /* ValidateButton.swift */; };
		2DF0B11927FFF891002F37E1 /* BaseNavigationController.swift in Sources */ = {isa = PBXBuildFile; fileRef = 2DF0B11827FFF891002F37E1 /* BaseNavigationController.swift */; };
		2DF0B11B2801669A002F37E1 /* DatePickerViewController.swift in Sources */ = {isa = PBXBuildFile; fileRef = 2DF0B11A2801669A002F37E1 /* DatePickerViewController.swift */; };
		2DF0B11D28016EEF002F37E1 /* MonthYearPickerView.swift in Sources */ = {isa = PBXBuildFile; fileRef = 2DF0B11C28016EEF002F37E1 /* MonthYearPickerView.swift */; };
		2DF0B11F280176E3002F37E1 /* String+Extension.swift in Sources */ = {isa = PBXBuildFile; fileRef = 2DF0B11E280176E3002F37E1 /* String+Extension.swift */; };
		2DF0B121280418C3002F37E1 /* CalendarTabBarView.swift in Sources */ = {isa = PBXBuildFile; fileRef = 2DF0B120280418C3002F37E1 /* CalendarTabBarView.swift */; };
		2DF0B12528055A4E002F37E1 /* TodayComplimentViewController.swift in Sources */ = {isa = PBXBuildFile; fileRef = 2DF0B12428055A4E002F37E1 /* TodayComplimentViewController.swift */; };
		2DF7DE652823C5B700537EB3 /* UIStackView+Extension.swift in Sources */ = {isa = PBXBuildFile; fileRef = 2DF7DE642823C5B700537EB3 /* UIStackView+Extension.swift */; };
		2DF8C72E27D49D1F002BEA1D /* AuthResponse.swift in Sources */ = {isa = PBXBuildFile; fileRef = 2DF8C72D27D49D1F002BEA1D /* AuthResponse.swift */; };
		2DF8C73627D5061A002BEA1D /* UserDefaultKey.swift in Sources */ = {isa = PBXBuildFile; fileRef = 2DF8C73527D5061A002BEA1D /* UserDefaultKey.swift */; };
		EAC40CB19EABBAD035E8828A /* Pods_Seldeog.framework in Frameworks */ = {isa = PBXBuildFile; fileRef = 0AAF0B56B4CC1C934DB74212 /* Pods_Seldeog.framework */; };
/* End PBXBuildFile section */

/* Begin PBXFileReference section */
		0AAF0B56B4CC1C934DB74212 /* Pods_Seldeog.framework */ = {isa = PBXFileReference; explicitFileType = wrapper.framework; includeInIndex = 0; path = Pods_Seldeog.framework; sourceTree = BUILT_PRODUCTS_DIR; };
		0D613C9FD8BEDF1F07EAFD49 /* Pods-Seldeog.release.xcconfig */ = {isa = PBXFileReference; includeInIndex = 1; lastKnownFileType = text.xcconfig; name = "Pods-Seldeog.release.xcconfig"; path = "Target Support Files/Pods-Seldeog/Pods-Seldeog.release.xcconfig"; sourceTree = "<group>"; };
		2D05767527EDAFEE00705AB7 /* ConfirmCharacterViewController.swift */ = {isa = PBXFileReference; lastKnownFileType = sourcecode.swift; path = ConfirmCharacterViewController.swift; sourceTree = "<group>"; };
		2D05C115280956E500925681 /* WriteComplimentViewController.swift */ = {isa = PBXFileReference; lastKnownFileType = sourcecode.swift; path = WriteComplimentViewController.swift; sourceTree = "<group>"; };
		2D05C117280A541E00925681 /* HashTagView.swift */ = {isa = PBXFileReference; lastKnownFileType = sourcecode.swift; path = HashTagView.swift; sourceTree = "<group>"; };
		2D05C119280A590800925681 /* ComplimentWithOneTagCell.swift */ = {isa = PBXFileReference; lastKnownFileType = sourcecode.swift; path = ComplimentWithOneTagCell.swift; sourceTree = "<group>"; };
		2D05C11D280A6A9200925681 /* ComplimentWithTwoTagCell.swift */ = {isa = PBXFileReference; lastKnownFileType = sourcecode.swift; path = ComplimentWithTwoTagCell.swift; sourceTree = "<group>"; };
		2D05C11F280A6B0800925681 /* ComplimentWithNoTagCell.swift */ = {isa = PBXFileReference; lastKnownFileType = sourcecode.swift; path = ComplimentWithNoTagCell.swift; sourceTree = "<group>"; };
		2D05C123280A92FC00925681 /* BaseTabBarView.swift */ = {isa = PBXFileReference; lastKnownFileType = sourcecode.swift; path = BaseTabBarView.swift; sourceTree = "<group>"; };
		2D05C125280A96FF00925681 /* ComplimentListResponse.swift */ = {isa = PBXFileReference; lastKnownFileType = sourcecode.swift; path = ComplimentListResponse.swift; sourceTree = "<group>"; };
		2D16DDEF27E31F8200A43E5D /* SplashViewController.swift */ = {isa = PBXFileReference; lastKnownFileType = sourcecode.swift; path = SplashViewController.swift; sourceTree = "<group>"; };
		2D16DDF227E321DD00A43E5D /* LoginSwitcher.swift */ = {isa = PBXFileReference; lastKnownFileType = sourcecode.swift; path = LoginSwitcher.swift; sourceTree = "<group>"; };
		2D1EC9A627DF65E300EE1D96 /* Image.swift */ = {isa = PBXFileReference; lastKnownFileType = sourcecode.swift; path = Image.swift; sourceTree = "<group>"; };
		2D1EC9AA27DF6F2600EE1D96 /* StartMode.swift */ = {isa = PBXFileReference; lastKnownFileType = sourcecode.swift; path = StartMode.swift; sourceTree = "<group>"; };
		2D1EC9B027DF712D00EE1D96 /* CalendarViewController.swift */ = {isa = PBXFileReference; lastKnownFileType = sourcecode.swift; path = CalendarViewController.swift; sourceTree = "<group>"; };
		2D1EC9B227DF716500EE1D96 /* SelectShapeViewController.swift */ = {isa = PBXFileReference; lastKnownFileType = sourcecode.swift; path = SelectShapeViewController.swift; sourceTree = "<group>"; };
		2D246BEB27BF6E0600546F28 /* Seldeog.app */ = {isa = PBXFileReference; explicitFileType = wrapper.application; includeInIndex = 0; path = Seldeog.app; sourceTree = BUILT_PRODUCTS_DIR; };
		2D246BEE27BF6E0600546F28 /* AppDelegate.swift */ = {isa = PBXFileReference; lastKnownFileType = sourcecode.swift; path = AppDelegate.swift; sourceTree = "<group>"; };
		2D246BF027BF6E0600546F28 /* SceneDelegate.swift */ = {isa = PBXFileReference; lastKnownFileType = sourcecode.swift; path = SceneDelegate.swift; sourceTree = "<group>"; };
		2D246BF227BF6E0600546F28 /* StartSignInViewController.swift */ = {isa = PBXFileReference; lastKnownFileType = sourcecode.swift; path = StartSignInViewController.swift; sourceTree = "<group>"; };
		2D246BF827BF6E0600546F28 /* Seldeog.xcdatamodel */ = {isa = PBXFileReference; lastKnownFileType = wrapper.xcdatamodel; path = Seldeog.xcdatamodel; sourceTree = "<group>"; };
		2D246BFA27BF6E0700546F28 /* Assets.xcassets */ = {isa = PBXFileReference; lastKnownFileType = folder.assetcatalog; path = Assets.xcassets; sourceTree = "<group>"; };
		2D246BFD27BF6E0700546F28 /* Base */ = {isa = PBXFileReference; lastKnownFileType = file.storyboard; name = Base; path = Base.lproj/LaunchScreen.storyboard; sourceTree = "<group>"; };
		2D246BFF27BF6E0700546F28 /* Info.plist */ = {isa = PBXFileReference; lastKnownFileType = text.plist.xml; path = Info.plist; sourceTree = "<group>"; };
		2D2ADEFC27CF47620034A602 /* UIButton+Extension.swift */ = {isa = PBXFileReference; lastKnownFileType = sourcecode.swift; path = "UIButton+Extension.swift"; sourceTree = "<group>"; };
		2D2ADEFE27CF47ED0034A602 /* UIColor+Extension.swift */ = {isa = PBXFileReference; lastKnownFileType = sourcecode.swift; path = "UIColor+Extension.swift"; sourceTree = "<group>"; };
		2D2ADF0027CF4ADC0034A602 /* UIView+Extension.swift */ = {isa = PBXFileReference; lastKnownFileType = sourcecode.swift; path = "UIView+Extension.swift"; sourceTree = "<group>"; };
		2D2ADF0327CF4D5B0034A602 /* SignInViewController.swift */ = {isa = PBXFileReference; lastKnownFileType = sourcecode.swift; path = SignInViewController.swift; sourceTree = "<group>"; };
		2D2ADF0527CF4D610034A602 /* SignUpViewController.swift */ = {isa = PBXFileReference; lastKnownFileType = sourcecode.swift; path = SignUpViewController.swift; sourceTree = "<group>"; };
		2D2ADF0727CF58CA0034A602 /* UITextField+Extension.swift */ = {isa = PBXFileReference; lastKnownFileType = sourcecode.swift; path = "UITextField+Extension.swift"; sourceTree = "<group>"; };
		2D32067F27FEC36100BFE30E /* UserAPI.swift */ = {isa = PBXFileReference; lastKnownFileType = sourcecode.swift; path = UserAPI.swift; sourceTree = "<group>"; };
		2D32068127FEC92300BFE30E /* UserRepository.swift */ = {isa = PBXFileReference; lastKnownFileType = sourcecode.swift; path = UserRepository.swift; sourceTree = "<group>"; };
		2D32068327FECDB800BFE30E /* UserResponse.swift */ = {isa = PBXFileReference; lastKnownFileType = sourcecode.swift; path = UserResponse.swift; sourceTree = "<group>"; };
		2D3685C62826309A00467C17 /* en */ = {isa = PBXFileReference; lastKnownFileType = text.plist.strings; name = en; path = en.lproj/InfoPlist.strings; sourceTree = "<group>"; };
		2D47BA2D27E6FAC1007D83F1 /* MakeCharacterViewCell.swift */ = {isa = PBXFileReference; lastKnownFileType = sourcecode.swift; path = MakeCharacterViewCell.swift; sourceTree = "<group>"; };
		2D7F12C5281D06DE00016DF3 /* 10percent.json */ = {isa = PBXFileReference; fileEncoding = 4; lastKnownFileType = text.json; path = 10percent.json; sourceTree = "<group>"; };
		2D7F12C6281D06DE00016DF3 /* 90percent.json */ = {isa = PBXFileReference; fileEncoding = 4; lastKnownFileType = text.json; path = 90percent.json; sourceTree = "<group>"; };
		2D7F12C7281D06DE00016DF3 /* 40percent.json */ = {isa = PBXFileReference; fileEncoding = 4; lastKnownFileType = text.json; path = 40percent.json; sourceTree = "<group>"; };
		2D7F12C8281D06DF00016DF3 /* 50percent.json */ = {isa = PBXFileReference; fileEncoding = 4; lastKnownFileType = text.json; path = 50percent.json; sourceTree = "<group>"; };
		2D7F12C9281D06DF00016DF3 /* 80percent.json */ = {isa = PBXFileReference; fileEncoding = 4; lastKnownFileType = text.json; path = 80percent.json; sourceTree = "<group>"; };
		2D7F12CA281D06DF00016DF3 /* 98percent.json */ = {isa = PBXFileReference; fileEncoding = 4; lastKnownFileType = text.json; path = 98percent.json; sourceTree = "<group>"; };
		2D7F12CB281D06DF00016DF3 /* 70percent.json */ = {isa = PBXFileReference; fileEncoding = 4; lastKnownFileType = text.json; path = 70percent.json; sourceTree = "<group>"; };
		2D7F12CC281D06DF00016DF3 /* 20percent.json */ = {isa = PBXFileReference; fileEncoding = 4; lastKnownFileType = text.json; path = 20percent.json; sourceTree = "<group>"; };
		2D7F12CD281D06DF00016DF3 /* 30percent.json */ = {isa = PBXFileReference; fileEncoding = 4; lastKnownFileType = text.json; path = 30percent.json; sourceTree = "<group>"; };
		2D7F12CE281D06DF00016DF3 /* 60percent.json */ = {isa = PBXFileReference; fileEncoding = 4; lastKnownFileType = text.json; path = 60percent.json; sourceTree = "<group>"; };
		2D7F12DC281D5B0300016DF3 /* GIF+Extension.swift */ = {isa = PBXFileReference; lastKnownFileType = sourcecode.swift; path = "GIF+Extension.swift"; sourceTree = "<group>"; };
		2D7F12DE281D74B200016DF3 /* seldukGIF.gif */ = {isa = PBXFileReference; lastKnownFileType = image.gif; path = seldukGIF.gif; sourceTree = "<group>"; };
		2D7F12E4281E82C800016DF3 /* GuideMainViewController.swift */ = {isa = PBXFileReference; lastKnownFileType = sourcecode.swift; path = GuideMainViewController.swift; sourceTree = "<group>"; };
		2D7F12E6281E858A00016DF3 /* GuideWithImageViewController.swift */ = {isa = PBXFileReference; lastKnownFileType = sourcecode.swift; path = GuideWithImageViewController.swift; sourceTree = "<group>"; };
		2D7F12E8281E8BB100016DF3 /* GuideWithButtonViewController.swift */ = {isa = PBXFileReference; lastKnownFileType = sourcecode.swift; path = GuideWithButtonViewController.swift; sourceTree = "<group>"; };
		2D8C547B27F6BBF100308875 /* SelectColorViewController.swift */ = {isa = PBXFileReference; lastKnownFileType = sourcecode.swift; path = SelectColorViewController.swift; sourceTree = "<group>"; };
		2D8C547D27F6BF3800308875 /* SelectColorCell.swift */ = {isa = PBXFileReference; lastKnownFileType = sourcecode.swift; path = SelectColorCell.swift; sourceTree = "<group>"; };
		2D94DE9227FD48D7006C6A01 /* CalendarView+Style.swift */ = {isa = PBXFileReference; fileEncoding = 4; lastKnownFileType = sourcecode.swift; path = "CalendarView+Style.swift"; sourceTree = "<group>"; };
		2D94DE9327FD48D7006C6A01 /* CalendarDayCell.swift */ = {isa = PBXFileReference; fileEncoding = 4; lastKnownFileType = sourcecode.swift; path = CalendarDayCell.swift; sourceTree = "<group>"; };
		2D94DE9427FD48D7006C6A01 /* CalendarHeaderView.swift */ = {isa = PBXFileReference; fileEncoding = 4; lastKnownFileType = sourcecode.swift; path = CalendarHeaderView.swift; sourceTree = "<group>"; };
		2D94DE9527FD48D7006C6A01 /* CalendarView+DataSource.swift */ = {isa = PBXFileReference; fileEncoding = 4; lastKnownFileType = sourcecode.swift; path = "CalendarView+DataSource.swift"; sourceTree = "<group>"; };
		2D94DE9627FD48D7006C6A01 /* EventsManager.swift */ = {isa = PBXFileReference; fileEncoding = 4; lastKnownFileType = sourcecode.swift; path = EventsManager.swift; sourceTree = "<group>"; };
		2D94DE9727FD48D7006C6A01 /* CalendarView+Delegate.swift */ = {isa = PBXFileReference; fileEncoding = 4; lastKnownFileType = sourcecode.swift; path = "CalendarView+Delegate.swift"; sourceTree = "<group>"; };
		2D94DE9827FD48D7006C6A01 /* CalendarView+Extensions.swift */ = {isa = PBXFileReference; fileEncoding = 4; lastKnownFileType = sourcecode.swift; path = "CalendarView+Extensions.swift"; sourceTree = "<group>"; };
		2D94DE9927FD48D7006C6A01 /* CalendarFlowLayout.swift */ = {isa = PBXFileReference; fileEncoding = 4; lastKnownFileType = sourcecode.swift; path = CalendarFlowLayout.swift; sourceTree = "<group>"; };
		2D94DE9A27FD48D7006C6A01 /* CalendarView.swift */ = {isa = PBXFileReference; fileEncoding = 4; lastKnownFileType = sourcecode.swift; path = CalendarView.swift; sourceTree = "<group>"; };
		2D94DEA427FD5423006C6A01 /* Date+Extension.swift */ = {isa = PBXFileReference; lastKnownFileType = sourcecode.swift; path = "Date+Extension.swift"; sourceTree = "<group>"; };
		2D94DEA727FD76A5006C6A01 /* SettingViewController.swift */ = {isa = PBXFileReference; lastKnownFileType = sourcecode.swift; path = SettingViewController.swift; sourceTree = "<group>"; };
		2D94DEAB27FD7C55006C6A01 /* SettingNextCell.swift */ = {isa = PBXFileReference; lastKnownFileType = sourcecode.swift; path = SettingNextCell.swift; sourceTree = "<group>"; };
		2D94DEAD27FD815A006C6A01 /* SettingInfo.swift */ = {isa = PBXFileReference; lastKnownFileType = sourcecode.swift; path = SettingInfo.swift; sourceTree = "<group>"; };
		2D94DEB227FDC9CB006C6A01 /* SettingTextCell.swift */ = {isa = PBXFileReference; lastKnownFileType = sourcecode.swift; path = SettingTextCell.swift; sourceTree = "<group>"; };
		2D97E6EC27EAE8400029DE35 /* SelectFeatureViewController.swift */ = {isa = PBXFileReference; lastKnownFileType = sourcecode.swift; path = SelectFeatureViewController.swift; sourceTree = "<group>"; };
		2D97E6EE27EAE9D30029DE35 /* CharacterData.swift */ = {isa = PBXFileReference; lastKnownFileType = sourcecode.swift; path = CharacterData.swift; sourceTree = "<group>"; };
		2D97E6F027EAFD900029DE35 /* SetCharacterNameViewController.swift */ = {isa = PBXFileReference; lastKnownFileType = sourcecode.swift; path = SetCharacterNameViewController.swift; sourceTree = "<group>"; };
		2DBF1D8F27D0819300285A0B /* AuthAPI.swift */ = {isa = PBXFileReference; lastKnownFileType = sourcecode.swift; path = AuthAPI.swift; sourceTree = "<group>"; };
		2DBF1D9327D081AC00285A0B /* AuthRepository.swift */ = {isa = PBXFileReference; lastKnownFileType = sourcecode.swift; path = AuthRepository.swift; sourceTree = "<group>"; };
		2DBF1D9527D0829B00285A0B /* BaseTargetType.swift */ = {isa = PBXFileReference; lastKnownFileType = sourcecode.swift; path = BaseTargetType.swift; sourceTree = "<group>"; };
		2DBF1D9827D086EE00285A0B /* NetworkResult.swift */ = {isa = PBXFileReference; lastKnownFileType = sourcecode.swift; path = NetworkResult.swift; sourceTree = "<group>"; };
		2DC52116280AD81300A983FA /* ModifyComplimentViewController.swift */ = {isa = PBXFileReference; lastKnownFileType = sourcecode.swift; path = ModifyComplimentViewController.swift; sourceTree = "<group>"; };
		2DC52118280AE82600A983FA /* HideBackButtonNavigationController.swift */ = {isa = PBXFileReference; lastKnownFileType = sourcecode.swift; path = HideBackButtonNavigationController.swift; sourceTree = "<group>"; };
		2DC5211A280D3EF700A983FA /* SelectColorView.swift */ = {isa = PBXFileReference; lastKnownFileType = sourcecode.swift; path = SelectColorView.swift; sourceTree = "<group>"; };
		2DC5211C280E4E0D00A983FA /* CalendarResponse.swift */ = {isa = PBXFileReference; lastKnownFileType = sourcecode.swift; path = CalendarResponse.swift; sourceTree = "<group>"; };
		2DC5211F280E807100A983FA /* AboutMeVIewController.swift */ = {isa = PBXFileReference; lastKnownFileType = sourcecode.swift; path = AboutMeVIewController.swift; sourceTree = "<group>"; };
		2DC52121280E900B00A983FA /* PastComplimentViewController.swift */ = {isa = PBXFileReference; lastKnownFileType = sourcecode.swift; path = PastComplimentViewController.swift; sourceTree = "<group>"; };
		2DC52124280E94DE00A983FA /* PastComplimentWithNoTagCell.swift */ = {isa = PBXFileReference; lastKnownFileType = sourcecode.swift; path = PastComplimentWithNoTagCell.swift; sourceTree = "<group>"; };
		2DC52126280E953D00A983FA /* PastComplimentWithOneTagCell.swift */ = {isa = PBXFileReference; lastKnownFileType = sourcecode.swift; path = PastComplimentWithOneTagCell.swift; sourceTree = "<group>"; };
		2DC52128280E95EF00A983FA /* PastComplimentWIthTwoTagCell.swift */ = {isa = PBXFileReference; lastKnownFileType = sourcecode.swift; path = PastComplimentWIthTwoTagCell.swift; sourceTree = "<group>"; };
		2DC5212A280E98F600A983FA /* DateFormatters.swift */ = {isa = PBXFileReference; lastKnownFileType = sourcecode.swift; path = DateFormatters.swift; sourceTree = "<group>"; };
		2DC5212C280FCFC700A983FA /* AboutMeCell.swift */ = {isa = PBXFileReference; lastKnownFileType = sourcecode.swift; path = AboutMeCell.swift; sourceTree = "<group>"; };
		2DC52131280FFD6100A983FA /* WriteFeatureViewController.swift */ = {isa = PBXFileReference; lastKnownFileType = sourcecode.swift; path = WriteFeatureViewController.swift; sourceTree = "<group>"; };
		2DC52133281001DE00A983FA /* AboutMeResponse.swift */ = {isa = PBXFileReference; lastKnownFileType = sourcecode.swift; path = AboutMeResponse.swift; sourceTree = "<group>"; };
		2DC5213528101A7100A983FA /* ModifyFeatureViewController.swift */ = {isa = PBXFileReference; lastKnownFileType = sourcecode.swift; path = ModifyFeatureViewController.swift; sourceTree = "<group>"; };
		2DDDD45127E1C0FD00FC289C /* NanumBarunpenR.otf */ = {isa = PBXFileReference; lastKnownFileType = file; path = NanumBarunpenR.otf; sourceTree = "<group>"; };
		2DDDD45227E1C0FD00FC289C /* NanumBarunpenB.otf */ = {isa = PBXFileReference; lastKnownFileType = file; path = NanumBarunpenB.otf; sourceTree = "<group>"; };
		2DDDD45527E1C22900FC289C /* Font.swift */ = {isa = PBXFileReference; lastKnownFileType = sourcecode.swift; path = Font.swift; sourceTree = "<group>"; };
		2DDDD45727E1C5C300FC289C /* BaseViewController.swift */ = {isa = PBXFileReference; lastKnownFileType = sourcecode.swift; path = BaseViewController.swift; sourceTree = "<group>"; };
		2DE2B288281287ED00300B24 /* SelfLoveViewController.swift */ = {isa = PBXFileReference; lastKnownFileType = sourcecode.swift; path = SelfLoveViewController.swift; sourceTree = "<group>"; };
		2DE2B28A2812927800300B24 /* SelfLoveResponse.swift */ = {isa = PBXFileReference; lastKnownFileType = sourcecode.swift; path = SelfLoveResponse.swift; sourceTree = "<group>"; };
		2DE2B2A12816877300300B24 /* confetti1.json */ = {isa = PBXFileReference; lastKnownFileType = text.json; path = confetti1.json; sourceTree = "<group>"; };
		2DE2B2A3281687A000300B24 /* confetti2.json */ = {isa = PBXFileReference; lastKnownFileType = text.json; path = confetti2.json; sourceTree = "<group>"; };
		2DE2B2A72816884400300B24 /* Animation.swift */ = {isa = PBXFileReference; lastKnownFileType = sourcecode.swift; path = Animation.swift; sourceTree = "<group>"; };
		2DE8363727F42E0B00DECB35 /* ValidateButton.swift */ = {isa = PBXFileReference; lastKnownFileType = sourcecode.swift; path = ValidateButton.swift; sourceTree = "<group>"; };
		2DF0B11827FFF891002F37E1 /* BaseNavigationController.swift */ = {isa = PBXFileReference; lastKnownFileType = sourcecode.swift; path = BaseNavigationController.swift; sourceTree = "<group>"; };
		2DF0B11A2801669A002F37E1 /* DatePickerViewController.swift */ = {isa = PBXFileReference; lastKnownFileType = sourcecode.swift; path = DatePickerViewController.swift; sourceTree = "<group>"; };
		2DF0B11C28016EEF002F37E1 /* MonthYearPickerView.swift */ = {isa = PBXFileReference; lastKnownFileType = sourcecode.swift; path = MonthYearPickerView.swift; sourceTree = "<group>"; };
		2DF0B11E280176E3002F37E1 /* String+Extension.swift */ = {isa = PBXFileReference; lastKnownFileType = sourcecode.swift; path = "String+Extension.swift"; sourceTree = "<group>"; };
		2DF0B120280418C3002F37E1 /* CalendarTabBarView.swift */ = {isa = PBXFileReference; lastKnownFileType = sourcecode.swift; path = CalendarTabBarView.swift; sourceTree = "<group>"; };
		2DF0B12428055A4E002F37E1 /* TodayComplimentViewController.swift */ = {isa = PBXFileReference; lastKnownFileType = sourcecode.swift; path = TodayComplimentViewController.swift; sourceTree = "<group>"; };
		2DF7DE642823C5B700537EB3 /* UIStackView+Extension.swift */ = {isa = PBXFileReference; lastKnownFileType = sourcecode.swift; path = "UIStackView+Extension.swift"; sourceTree = "<group>"; };
		2DF8C72D27D49D1F002BEA1D /* AuthResponse.swift */ = {isa = PBXFileReference; lastKnownFileType = sourcecode.swift; path = AuthResponse.swift; sourceTree = "<group>"; };
		2DF8C73527D5061A002BEA1D /* UserDefaultKey.swift */ = {isa = PBXFileReference; lastKnownFileType = sourcecode.swift; path = UserDefaultKey.swift; sourceTree = "<group>"; };
		BC3F0E4D990966B075FCD806 /* Pods-Seldeog.debug.xcconfig */ = {isa = PBXFileReference; includeInIndex = 1; lastKnownFileType = text.xcconfig; name = "Pods-Seldeog.debug.xcconfig"; path = "Target Support Files/Pods-Seldeog/Pods-Seldeog.debug.xcconfig"; sourceTree = "<group>"; };
/* End PBXFileReference section */

/* Begin PBXFrameworksBuildPhase section */
		2D246BE827BF6E0600546F28 /* Frameworks */ = {
			isa = PBXFrameworksBuildPhase;
			buildActionMask = 2147483647;
			files = (
				EAC40CB19EABBAD035E8828A /* Pods_Seldeog.framework in Frameworks */,
			);
			runOnlyForDeploymentPostprocessing = 0;
		};
/* End PBXFrameworksBuildPhase section */

/* Begin PBXGroup section */
		2D1EC9AC27DF70CA00EE1D96 /* OnBoarding */ = {
			isa = PBXGroup;
			children = (
				2D1EC9B227DF716500EE1D96 /* SelectShapeViewController.swift */,
				2D8C547B27F6BBF100308875 /* SelectColorViewController.swift */,
				2D97E6EC27EAE8400029DE35 /* SelectFeatureViewController.swift */,
				2D97E6F027EAFD900029DE35 /* SetCharacterNameViewController.swift */,
				2D05767527EDAFEE00705AB7 /* ConfirmCharacterViewController.swift */,
				2D47BA2D27E6FAC1007D83F1 /* MakeCharacterViewCell.swift */,
				2D8C547D27F6BF3800308875 /* SelectColorCell.swift */,
				2D97E6EE27EAE9D30029DE35 /* CharacterData.swift */,
				2D7F12E4281E82C800016DF3 /* GuideMainViewController.swift */,
				2D7F12E6281E858A00016DF3 /* GuideWithImageViewController.swift */,
				2D7F12E8281E8BB100016DF3 /* GuideWithButtonViewController.swift */,
			);
			path = OnBoarding;
			sourceTree = "<group>";
		};
		2D1EC9AF27DF711700EE1D96 /* Main */ = {
			isa = PBXGroup;
			children = (
				2DE2B287281287DE00300B24 /* SelfLove */,
				2DC5211E280E805F00A983FA /* AboutMe */,
				2DF0B123280558F6002F37E1 /* Compliment */,
				2D94DEA627FD7693006C6A01 /* Setting */,
				2D94DE9127FD48BA006C6A01 /* Calendar */,
			);
			path = Main;
			sourceTree = "<group>";
		};
		2D246BE227BF6E0600546F28 = {
			isa = PBXGroup;
			children = (
				2D246BED27BF6E0600546F28 /* Seldeog */,
				2D246BEC27BF6E0600546F28 /* Products */,
				5592A7E64A1C770F8452A196 /* Pods */,
				7E237DE2DC3F746D14FA330D /* Frameworks */,
			);
			sourceTree = "<group>";
		};
		2D246BEC27BF6E0600546F28 /* Products */ = {
			isa = PBXGroup;
			children = (
				2D246BEB27BF6E0600546F28 /* Seldeog.app */,
			);
			name = Products;
			sourceTree = "<group>";
		};
		2D246BED27BF6E0600546F28 /* Seldeog */ = {
			isa = PBXGroup;
			children = (
				2D246C0827BF776E00546F28 /* Resource */,
				2D246C0727BF776700546F28 /* Source */,
				2D246C0627BF775F00546F28 /* Support */,
				2D246BF727BF6E0600546F28 /* Seldeog.xcdatamodeld */,
			);
			path = Seldeog;
			sourceTree = "<group>";
		};
		2D246C0627BF775F00546F28 /* Support */ = {
			isa = PBXGroup;
			children = (
				2D246BEE27BF6E0600546F28 /* AppDelegate.swift */,
				2D246BF027BF6E0600546F28 /* SceneDelegate.swift */,
				2D246BFF27BF6E0700546F28 /* Info.plist */,
				2D3685C72826309A00467C17 /* InfoPlist.strings */,
			);
			path = Support;
			sourceTree = "<group>";
		};
		2D246C0727BF776700546F28 /* Source */ = {
			isa = PBXGroup;
			children = (
				2D2ADEFB27CF46810034A602 /* Network */,
				2D2ADEFA27CF46740034A602 /* Util */,
				2D2ADEF927CF466E0034A602 /* Feature */,
			);
			path = Source;
			sourceTree = "<group>";
		};
		2D246C0827BF776E00546F28 /* Resource */ = {
			isa = PBXGroup;
			children = (
				2DE2B28C2816852B00300B24 /* Animations */,
				2DDDD45027E1C0E500FC289C /* Fonts */,
				2D246BFA27BF6E0700546F28 /* Assets.xcassets */,
				2D246BFC27BF6E0700546F28 /* LaunchScreen.storyboard */,
				2D1EC9A627DF65E300EE1D96 /* Image.swift */,
				2DE2B2A72816884400300B24 /* Animation.swift */,
				2DDDD45527E1C22900FC289C /* Font.swift */,
				2D7F12DE281D74B200016DF3 /* seldukGIF.gif */,
			);
			path = Resource;
			sourceTree = "<group>";
		};
		2D2ADEF927CF466E0034A602 /* Feature */ = {
			isa = PBXGroup;
			children = (
				2D1EC9AF27DF711700EE1D96 /* Main */,
				2D1EC9AC27DF70CA00EE1D96 /* OnBoarding */,
				2DBF1D8827CFA14400285A0B /* Base */,
				2D2ADF0227CF4D4C0034A602 /* Auth */,
				2D16DDEF27E31F8200A43E5D /* SplashViewController.swift */,
				2D16DDF227E321DD00A43E5D /* LoginSwitcher.swift */,
			);
			path = Feature;
			sourceTree = "<group>";
		};
		2D2ADEFA27CF46740034A602 /* Util */ = {
			isa = PBXGroup;
			children = (
				2D2ADEFC27CF47620034A602 /* UIButton+Extension.swift */,
				2D2ADEFE27CF47ED0034A602 /* UIColor+Extension.swift */,
				2D2ADF0027CF4ADC0034A602 /* UIView+Extension.swift */,
				2D2ADF0727CF58CA0034A602 /* UITextField+Extension.swift */,
				2DF8C73527D5061A002BEA1D /* UserDefaultKey.swift */,
				2D94DEA427FD5423006C6A01 /* Date+Extension.swift */,
				2DF0B11E280176E3002F37E1 /* String+Extension.swift */,
				2DC5212A280E98F600A983FA /* DateFormatters.swift */,
				2D7F12DC281D5B0300016DF3 /* GIF+Extension.swift */,
				2DF7DE642823C5B700537EB3 /* UIStackView+Extension.swift */,
			);
			path = Util;
			sourceTree = "<group>";
		};
		2D2ADEFB27CF46810034A602 /* Network */ = {
			isa = PBXGroup;
			children = (
				2DBF1D9727D083FD00285A0B /* Base */,
				2DBF1D8E27D0818400285A0B /* Repository */,
				2DBF1D8D27D0817F00285A0B /* Model */,
				2DBF1D8C27D0817800285A0B /* API */,
			);
			path = Network;
			sourceTree = "<group>";
		};
		2D2ADF0227CF4D4C0034A602 /* Auth */ = {
			isa = PBXGroup;
			children = (
				2D246BF227BF6E0600546F28 /* StartSignInViewController.swift */,
				2D2ADF0327CF4D5B0034A602 /* SignInViewController.swift */,
				2D2ADF0527CF4D610034A602 /* SignUpViewController.swift */,
			);
			path = Auth;
			sourceTree = "<group>";
		};
		2D94DE9127FD48BA006C6A01 /* Calendar */ = {
			isa = PBXGroup;
			children = (
				2D1EC9B027DF712D00EE1D96 /* CalendarViewController.swift */,
				2DF0B11C28016EEF002F37E1 /* MonthYearPickerView.swift */,
				2DF0B11A2801669A002F37E1 /* DatePickerViewController.swift */,
				2D94DE9327FD48D7006C6A01 /* CalendarDayCell.swift */,
				2D94DE9927FD48D7006C6A01 /* CalendarFlowLayout.swift */,
				2D94DE9427FD48D7006C6A01 /* CalendarHeaderView.swift */,
				2D94DE9A27FD48D7006C6A01 /* CalendarView.swift */,
				2D94DE9527FD48D7006C6A01 /* CalendarView+DataSource.swift */,
				2D94DE9727FD48D7006C6A01 /* CalendarView+Delegate.swift */,
				2D94DE9827FD48D7006C6A01 /* CalendarView+Extensions.swift */,
				2D94DE9227FD48D7006C6A01 /* CalendarView+Style.swift */,
				2D94DE9627FD48D7006C6A01 /* EventsManager.swift */,
				2DC5211A280D3EF700A983FA /* SelectColorView.swift */,
			);
			path = Calendar;
			sourceTree = "<group>";
		};
		2D94DEA627FD7693006C6A01 /* Setting */ = {
			isa = PBXGroup;
			children = (
				2D94DEA727FD76A5006C6A01 /* SettingViewController.swift */,
				2D94DEAB27FD7C55006C6A01 /* SettingNextCell.swift */,
				2D94DEB227FDC9CB006C6A01 /* SettingTextCell.swift */,
				2D94DEAD27FD815A006C6A01 /* SettingInfo.swift */,
			);
			path = Setting;
			sourceTree = "<group>";
		};
		2DBF1D8827CFA14400285A0B /* Base */ = {
			isa = PBXGroup;
			children = (
				2DDDD45727E1C5C300FC289C /* BaseViewController.swift */,
				2D05C123280A92FC00925681 /* BaseTabBarView.swift */,
				2DF0B11827FFF891002F37E1 /* BaseNavigationController.swift */,
				2DF0B120280418C3002F37E1 /* CalendarTabBarView.swift */,
				2DC52118280AE82600A983FA /* HideBackButtonNavigationController.swift */,
				2D1EC9AA27DF6F2600EE1D96 /* StartMode.swift */,
				2DE8363727F42E0B00DECB35 /* ValidateButton.swift */,
			);
			path = Base;
			sourceTree = "<group>";
		};
		2DBF1D8C27D0817800285A0B /* API */ = {
			isa = PBXGroup;
			children = (
				2DBF1D8F27D0819300285A0B /* AuthAPI.swift */,
				2D32067F27FEC36100BFE30E /* UserAPI.swift */,
			);
			path = API;
			sourceTree = "<group>";
		};
		2DBF1D8D27D0817F00285A0B /* Model */ = {
			isa = PBXGroup;
			children = (
				2DF8C72D27D49D1F002BEA1D /* AuthResponse.swift */,
				2D32068327FECDB800BFE30E /* UserResponse.swift */,
				2D05C125280A96FF00925681 /* ComplimentListResponse.swift */,
				2DC5211C280E4E0D00A983FA /* CalendarResponse.swift */,
				2DC52133281001DE00A983FA /* AboutMeResponse.swift */,
				2DE2B28A2812927800300B24 /* SelfLoveResponse.swift */,
			);
			path = Model;
			sourceTree = "<group>";
		};
		2DBF1D8E27D0818400285A0B /* Repository */ = {
			isa = PBXGroup;
			children = (
				2DBF1D9327D081AC00285A0B /* AuthRepository.swift */,
				2D32068127FEC92300BFE30E /* UserRepository.swift */,
			);
			path = Repository;
			sourceTree = "<group>";
		};
		2DBF1D9727D083FD00285A0B /* Base */ = {
			isa = PBXGroup;
			children = (
				2DBF1D9527D0829B00285A0B /* BaseTargetType.swift */,
				2DBF1D9827D086EE00285A0B /* NetworkResult.swift */,
			);
			path = Base;
			sourceTree = "<group>";
		};
		2DC5211E280E805F00A983FA /* AboutMe */ = {
			isa = PBXGroup;
			children = (
				2DC5211F280E807100A983FA /* AboutMeVIewController.swift */,
				2DC5212C280FCFC700A983FA /* AboutMeCell.swift */,
				2DC52131280FFD6100A983FA /* WriteFeatureViewController.swift */,
				2DC5213528101A7100A983FA /* ModifyFeatureViewController.swift */,
			);
			path = AboutMe;
			sourceTree = "<group>";
		};
		2DC52123280E927D00A983FA /* Cell */ = {
			isa = PBXGroup;
			children = (
				2D05C11F280A6B0800925681 /* ComplimentWithNoTagCell.swift */,
				2D05C119280A590800925681 /* ComplimentWithOneTagCell.swift */,
				2D05C11D280A6A9200925681 /* ComplimentWithTwoTagCell.swift */,
				2DC52124280E94DE00A983FA /* PastComplimentWithNoTagCell.swift */,
				2DC52126280E953D00A983FA /* PastComplimentWithOneTagCell.swift */,
				2DC52128280E95EF00A983FA /* PastComplimentWIthTwoTagCell.swift */,
			);
			path = Cell;
			sourceTree = "<group>";
		};
		2DDDD45027E1C0E500FC289C /* Fonts */ = {
			isa = PBXGroup;
			children = (
				2DDDD45227E1C0FD00FC289C /* NanumBarunpenB.otf */,
				2DDDD45127E1C0FD00FC289C /* NanumBarunpenR.otf */,
			);
			path = Fonts;
			sourceTree = "<group>";
		};
		2DE2B287281287DE00300B24 /* SelfLove */ = {
			isa = PBXGroup;
			children = (
				2DE2B288281287ED00300B24 /* SelfLoveViewController.swift */,
			);
			path = SelfLove;
			sourceTree = "<group>";
		};
		2DE2B28C2816852B00300B24 /* Animations */ = {
			isa = PBXGroup;
			children = (
				2D7F12C5281D06DE00016DF3 /* 10percent.json */,
				2D7F12CC281D06DF00016DF3 /* 20percent.json */,
				2D7F12CD281D06DF00016DF3 /* 30percent.json */,
				2D7F12C7281D06DE00016DF3 /* 40percent.json */,
				2D7F12C8281D06DF00016DF3 /* 50percent.json */,
				2D7F12CE281D06DF00016DF3 /* 60percent.json */,
				2D7F12CB281D06DF00016DF3 /* 70percent.json */,
				2D7F12C9281D06DF00016DF3 /* 80percent.json */,
				2D7F12C6281D06DE00016DF3 /* 90percent.json */,
				2D7F12CA281D06DF00016DF3 /* 98percent.json */,
				2DE2B2A12816877300300B24 /* confetti1.json */,
				2DE2B2A3281687A000300B24 /* confetti2.json */,
			);
			path = Animations;
			sourceTree = "<group>";
		};
		2DF0B123280558F6002F37E1 /* Compliment */ = {
			isa = PBXGroup;
			children = (
				2DC52123280E927D00A983FA /* Cell */,
				2DF0B12428055A4E002F37E1 /* TodayComplimentViewController.swift */,
				2DC52121280E900B00A983FA /* PastComplimentViewController.swift */,
				2DC52116280AD81300A983FA /* ModifyComplimentViewController.swift */,
				2D05C115280956E500925681 /* WriteComplimentViewController.swift */,
				2D05C117280A541E00925681 /* HashTagView.swift */,
			);
			path = Compliment;
			sourceTree = "<group>";
		};
		5592A7E64A1C770F8452A196 /* Pods */ = {
			isa = PBXGroup;
			children = (
				BC3F0E4D990966B075FCD806 /* Pods-Seldeog.debug.xcconfig */,
				0D613C9FD8BEDF1F07EAFD49 /* Pods-Seldeog.release.xcconfig */,
			);
			path = Pods;
			sourceTree = "<group>";
		};
		7E237DE2DC3F746D14FA330D /* Frameworks */ = {
			isa = PBXGroup;
			children = (
				0AAF0B56B4CC1C934DB74212 /* Pods_Seldeog.framework */,
			);
			name = Frameworks;
			sourceTree = "<group>";
		};
/* End PBXGroup section */

/* Begin PBXNativeTarget section */
		2D246BEA27BF6E0600546F28 /* Seldeog */ = {
			isa = PBXNativeTarget;
			buildConfigurationList = 2D246C0227BF6E0700546F28 /* Build configuration list for PBXNativeTarget "Seldeog" */;
			buildPhases = (
				5FDDB7553D5331586122AF06 /* [CP] Check Pods Manifest.lock */,
				2D246BE727BF6E0600546F28 /* Sources */,
				2D246BE827BF6E0600546F28 /* Frameworks */,
				2D246BE927BF6E0600546F28 /* Resources */,
				F1C2A2202EB91CB17D0B8373 /* [CP] Embed Pods Frameworks */,
			);
			buildRules = (
			);
			dependencies = (
			);
			name = Seldeog;
			productName = Seldeog;
			productReference = 2D246BEB27BF6E0600546F28 /* Seldeog.app */;
			productType = "com.apple.product-type.application";
		};
/* End PBXNativeTarget section */

/* Begin PBXProject section */
		2D246BE327BF6E0600546F28 /* Project object */ = {
			isa = PBXProject;
			attributes = {
				BuildIndependentTargetsInParallel = NO;
				LastSwiftUpdateCheck = 1320;
				LastUpgradeCheck = 1320;
				TargetAttributes = {
					2D246BEA27BF6E0600546F28 = {
						CreatedOnToolsVersion = 13.2.1;
					};
				};
			};
			buildConfigurationList = 2D246BE627BF6E0600546F28 /* Build configuration list for PBXProject "Seldeog" */;
			compatibilityVersion = "Xcode 13.0";
			developmentRegion = en;
			hasScannedForEncodings = 0;
			knownRegions = (
				en,
				Base,
			);
			mainGroup = 2D246BE227BF6E0600546F28;
			productRefGroup = 2D246BEC27BF6E0600546F28 /* Products */;
			projectDirPath = "";
			projectRoot = "";
			targets = (
				2D246BEA27BF6E0600546F28 /* Seldeog */,
			);
		};
/* End PBXProject section */

/* Begin PBXResourcesBuildPhase section */
		2D246BE927BF6E0600546F28 /* Resources */ = {
			isa = PBXResourcesBuildPhase;
			buildActionMask = 2147483647;
			files = (
				2D7F12D2281D06DF00016DF3 /* 50percent.json in Resources */,
				2D7F12D0281D06DF00016DF3 /* 90percent.json in Resources */,
				2DDDD45327E1C0FD00FC289C /* NanumBarunpenR.otf in Resources */,
				2D7F12D3281D06DF00016DF3 /* 80percent.json in Resources */,
				2D7F12D4281D06DF00016DF3 /* 98percent.json in Resources */,
				2DDDD45427E1C0FD00FC289C /* NanumBarunpenB.otf in Resources */,
				2DE2B2A4281687A000300B24 /* confetti2.json in Resources */,
				2D3685C52826309A00467C17 /* InfoPlist.strings in Resources */,
				2D7F12D5281D06DF00016DF3 /* 70percent.json in Resources */,
				2DE2B2A22816877300300B24 /* confetti1.json in Resources */,
				2D7F12DF281D74B200016DF3 /* seldukGIF.gif in Resources */,
				2D246BFE27BF6E0700546F28 /* LaunchScreen.storyboard in Resources */,
				2D7F12D7281D06DF00016DF3 /* 30percent.json in Resources */,
				2D246BFB27BF6E0700546F28 /* Assets.xcassets in Resources */,
				2D7F12D1281D06DF00016DF3 /* 40percent.json in Resources */,
				2D7F12D8281D06DF00016DF3 /* 60percent.json in Resources */,
				2D7F12CF281D06DF00016DF3 /* 10percent.json in Resources */,
				2D7F12D6281D06DF00016DF3 /* 20percent.json in Resources */,
			);
			runOnlyForDeploymentPostprocessing = 0;
		};
/* End PBXResourcesBuildPhase section */

/* Begin PBXShellScriptBuildPhase section */
		5FDDB7553D5331586122AF06 /* [CP] Check Pods Manifest.lock */ = {
			isa = PBXShellScriptBuildPhase;
			buildActionMask = 2147483647;
			files = (
			);
			inputFileListPaths = (
			);
			inputPaths = (
				"${PODS_PODFILE_DIR_PATH}/Podfile.lock",
				"${PODS_ROOT}/Manifest.lock",
			);
			name = "[CP] Check Pods Manifest.lock";
			outputFileListPaths = (
			);
			outputPaths = (
				"$(DERIVED_FILE_DIR)/Pods-Seldeog-checkManifestLockResult.txt",
			);
			runOnlyForDeploymentPostprocessing = 0;
			shellPath = /bin/sh;
			shellScript = "diff \"${PODS_PODFILE_DIR_PATH}/Podfile.lock\" \"${PODS_ROOT}/Manifest.lock\" > /dev/null\nif [ $? != 0 ] ; then\n    # print error to STDERR\n    echo \"error: The sandbox is not in sync with the Podfile.lock. Run 'pod install' or update your CocoaPods installation.\" >&2\n    exit 1\nfi\n# This output is used by Xcode 'outputs' to avoid re-running this script phase.\necho \"SUCCESS\" > \"${SCRIPT_OUTPUT_FILE_0}\"\n";
			showEnvVarsInLog = 0;
		};
		F1C2A2202EB91CB17D0B8373 /* [CP] Embed Pods Frameworks */ = {
			isa = PBXShellScriptBuildPhase;
			buildActionMask = 2147483647;
			files = (
			);
			inputFileListPaths = (
				"${PODS_ROOT}/Target Support Files/Pods-Seldeog/Pods-Seldeog-frameworks-${CONFIGURATION}-input-files.xcfilelist",
			);
			name = "[CP] Embed Pods Frameworks";
			outputFileListPaths = (
				"${PODS_ROOT}/Target Support Files/Pods-Seldeog/Pods-Seldeog-frameworks-${CONFIGURATION}-output-files.xcfilelist",
			);
			runOnlyForDeploymentPostprocessing = 0;
			shellPath = /bin/sh;
			shellScript = "\"${PODS_ROOT}/Target Support Files/Pods-Seldeog/Pods-Seldeog-frameworks.sh\"\n";
			showEnvVarsInLog = 0;
		};
/* End PBXShellScriptBuildPhase section */

/* Begin PBXSourcesBuildPhase section */
		2D246BE727BF6E0600546F28 /* Sources */ = {
			isa = PBXSourcesBuildPhase;
			buildActionMask = 2147483647;
			files = (
				2D47BA2E27E6FAC1007D83F1 /* MakeCharacterViewCell.swift in Sources */,
				2D8C547C27F6BBF100308875 /* SelectColorViewController.swift in Sources */,
				2D246BF327BF6E0600546F28 /* StartSignInViewController.swift in Sources */,
				2D94DEA227FD48D7006C6A01 /* CalendarFlowLayout.swift in Sources */,
				2D1EC9A727DF65E300EE1D96 /* Image.swift in Sources */,
				2D94DEA827FD76A5006C6A01 /* SettingViewController.swift in Sources */,
				2DC52120280E807100A983FA /* AboutMeVIewController.swift in Sources */,
				2D1EC9B327DF716500EE1D96 /* SelectShapeViewController.swift in Sources */,
				2DDDD45827E1C5C300FC289C /* BaseViewController.swift in Sources */,
				2D05C126280A96FF00925681 /* ComplimentListResponse.swift in Sources */,
				2DC52122280E900B00A983FA /* PastComplimentViewController.swift in Sources */,
				2DC5212B280E98F600A983FA /* DateFormatters.swift in Sources */,
				2D7F12DD281D5B0300016DF3 /* GIF+Extension.swift in Sources */,
				2D32068427FECDB800BFE30E /* UserResponse.swift in Sources */,
				2D05C124280A92FC00925681 /* BaseTabBarView.swift in Sources */,
				2DE8363827F42E0B00DECB35 /* ValidateButton.swift in Sources */,
				2D94DE9E27FD48D7006C6A01 /* CalendarView+DataSource.swift in Sources */,
				2D2ADF0127CF4ADC0034A602 /* UIView+Extension.swift in Sources */,
				2DE2B28B2812927800300B24 /* SelfLoveResponse.swift in Sources */,
				2D2ADF0627CF4D610034A602 /* SignUpViewController.swift in Sources */,
				2D94DEA527FD5423006C6A01 /* Date+Extension.swift in Sources */,
				2D7F12E7281E858A00016DF3 /* GuideWithImageViewController.swift in Sources */,
				2D94DEA327FD48D7006C6A01 /* CalendarView.swift in Sources */,
				2D94DEAE27FD815A006C6A01 /* SettingInfo.swift in Sources */,
				2D246BEF27BF6E0600546F28 /* AppDelegate.swift in Sources */,
				2D32068027FEC36100BFE30E /* UserAPI.swift in Sources */,
				2D94DEA127FD48D7006C6A01 /* CalendarView+Extensions.swift in Sources */,
				2D94DE9F27FD48D7006C6A01 /* EventsManager.swift in Sources */,
				2D97E6ED27EAE8400029DE35 /* SelectFeatureViewController.swift in Sources */,
				2DF7DE652823C5B700537EB3 /* UIStackView+Extension.swift in Sources */,
				2DF0B12528055A4E002F37E1 /* TodayComplimentViewController.swift in Sources */,
				2DC52119280AE82600A983FA /* HideBackButtonNavigationController.swift in Sources */,
				2D94DE9B27FD48D7006C6A01 /* CalendarView+Style.swift in Sources */,
				2DC5213628101A7100A983FA /* ModifyFeatureViewController.swift in Sources */,
				2D7F12E9281E8BB100016DF3 /* GuideWithButtonViewController.swift in Sources */,
				2D05C11A280A590800925681 /* ComplimentWithOneTagCell.swift in Sources */,
				2DBF1D9027D0819300285A0B /* AuthAPI.swift in Sources */,
				2DBF1D9627D0829B00285A0B /* BaseTargetType.swift in Sources */,
				2D246BF127BF6E0600546F28 /* SceneDelegate.swift in Sources */,
				2DC5211D280E4E0D00A983FA /* CalendarResponse.swift in Sources */,
				2DC52117280AD81300A983FA /* ModifyComplimentViewController.swift in Sources */,
				2D7F12E5281E82C800016DF3 /* GuideMainViewController.swift in Sources */,
				2DC5211B280D3EF700A983FA /* SelectColorView.swift in Sources */,
				2DBF1D9927D086EE00285A0B /* NetworkResult.swift in Sources */,
				2D05C116280956E600925681 /* WriteComplimentViewController.swift in Sources */,
				2D94DE9C27FD48D7006C6A01 /* CalendarDayCell.swift in Sources */,
				2D8C547E27F6BF3800308875 /* SelectColorCell.swift in Sources */,
				2D2ADF0827CF58CA0034A602 /* UITextField+Extension.swift in Sources */,
				2D94DEAC27FD7C55006C6A01 /* SettingNextCell.swift in Sources */,
				2D2ADF0427CF4D5B0034A602 /* SignInViewController.swift in Sources */,
				2D32068227FEC92300BFE30E /* UserRepository.swift in Sources */,
				2DDDD45627E1C22900FC289C /* Font.swift in Sources */,
				2D2ADEFF27CF47ED0034A602 /* UIColor+Extension.swift in Sources */,
				2DC52132280FFD6100A983FA /* WriteFeatureViewController.swift in Sources */,
				2D05C120280A6B0800925681 /* ComplimentWithNoTagCell.swift in Sources */,
				2DC52125280E94DE00A983FA /* PastComplimentWithNoTagCell.swift in Sources */,
				2DC52127280E953D00A983FA /* PastComplimentWithOneTagCell.swift in Sources */,
				2D94DEB327FDC9CB006C6A01 /* SettingTextCell.swift in Sources */,
				2D16DDF027E31F8200A43E5D /* SplashViewController.swift in Sources */,
				2D94DE9D27FD48D7006C6A01 /* CalendarHeaderView.swift in Sources */,
				2DF0B121280418C3002F37E1 /* CalendarTabBarView.swift in Sources */,
				2D05C118280A541E00925681 /* HashTagView.swift in Sources */,
				2DE2B2A82816884400300B24 /* Animation.swift in Sources */,
				2D05C11E280A6A9200925681 /* ComplimentWithTwoTagCell.swift in Sources */,
				2DE2B289281287ED00300B24 /* SelfLoveViewController.swift in Sources */,
				2D1EC9AB27DF6F2600EE1D96 /* StartMode.swift in Sources */,
				2D94DEA027FD48D7006C6A01 /* CalendarView+Delegate.swift in Sources */,
				2DF0B11B2801669A002F37E1 /* DatePickerViewController.swift in Sources */,
				2DC5212D280FCFC700A983FA /* AboutMeCell.swift in Sources */,
				2D16DDF327E321DD00A43E5D /* LoginSwitcher.swift in Sources */,
				2D2ADEFD27CF47620034A602 /* UIButton+Extension.swift in Sources */,
				2D97E6EF27EAE9D30029DE35 /* CharacterData.swift in Sources */,
				2DBF1D9427D081AC00285A0B /* AuthRepository.swift in Sources */,
				2D97E6F127EAFD900029DE35 /* SetCharacterNameViewController.swift in Sources */,
				2DF0B11F280176E3002F37E1 /* String+Extension.swift in Sources */,
				2DF0B11927FFF891002F37E1 /* BaseNavigationController.swift in Sources */,
				2DC52134281001DE00A983FA /* AboutMeResponse.swift in Sources */,
				2DF8C73627D5061A002BEA1D /* UserDefaultKey.swift in Sources */,
				2DF8C72E27D49D1F002BEA1D /* AuthResponse.swift in Sources */,
				2DC52129280E95EF00A983FA /* PastComplimentWIthTwoTagCell.swift in Sources */,
				2D1EC9B127DF712D00EE1D96 /* CalendarViewController.swift in Sources */,
				2D246BF927BF6E0600546F28 /* Seldeog.xcdatamodeld in Sources */,
				2D05767627EDAFEE00705AB7 /* ConfirmCharacterViewController.swift in Sources */,
				2DF0B11D28016EEF002F37E1 /* MonthYearPickerView.swift in Sources */,
			);
			runOnlyForDeploymentPostprocessing = 0;
		};
/* End PBXSourcesBuildPhase section */

/* Begin PBXVariantGroup section */
		2D246BFC27BF6E0700546F28 /* LaunchScreen.storyboard */ = {
			isa = PBXVariantGroup;
			children = (
				2D246BFD27BF6E0700546F28 /* Base */,
			);
			name = LaunchScreen.storyboard;
			sourceTree = "<group>";
		};
		2D3685C72826309A00467C17 /* InfoPlist.strings */ = {
			isa = PBXVariantGroup;
			children = (
				2D3685C62826309A00467C17 /* en */,
			);
			name = InfoPlist.strings;
			sourceTree = "<group>";
		};
/* End PBXVariantGroup section */

/* Begin XCBuildConfiguration section */
		2D246C0027BF6E0700546F28 /* Debug */ = {
			isa = XCBuildConfiguration;
			buildSettings = {
				ALWAYS_SEARCH_USER_PATHS = NO;
				CLANG_ANALYZER_NONNULL = YES;
				CLANG_ANALYZER_NUMBER_OBJECT_CONVERSION = YES_AGGRESSIVE;
				CLANG_CXX_LANGUAGE_STANDARD = "gnu++17";
				CLANG_CXX_LIBRARY = "libc++";
				CLANG_ENABLE_MODULES = YES;
				CLANG_ENABLE_OBJC_ARC = YES;
				CLANG_ENABLE_OBJC_WEAK = YES;
				CLANG_WARN_BLOCK_CAPTURE_AUTORELEASING = YES;
				CLANG_WARN_BOOL_CONVERSION = YES;
				CLANG_WARN_COMMA = YES;
				CLANG_WARN_CONSTANT_CONVERSION = YES;
				CLANG_WARN_DEPRECATED_OBJC_IMPLEMENTATIONS = YES;
				CLANG_WARN_DIRECT_OBJC_ISA_USAGE = YES_ERROR;
				CLANG_WARN_DOCUMENTATION_COMMENTS = YES;
				CLANG_WARN_EMPTY_BODY = YES;
				CLANG_WARN_ENUM_CONVERSION = YES;
				CLANG_WARN_INFINITE_RECURSION = YES;
				CLANG_WARN_INT_CONVERSION = YES;
				CLANG_WARN_NON_LITERAL_NULL_CONVERSION = YES;
				CLANG_WARN_OBJC_IMPLICIT_RETAIN_SELF = YES;
				CLANG_WARN_OBJC_LITERAL_CONVERSION = YES;
				CLANG_WARN_OBJC_ROOT_CLASS = YES_ERROR;
				CLANG_WARN_QUOTED_INCLUDE_IN_FRAMEWORK_HEADER = YES;
				CLANG_WARN_RANGE_LOOP_ANALYSIS = YES;
				CLANG_WARN_STRICT_PROTOTYPES = YES;
				CLANG_WARN_SUSPICIOUS_MOVE = YES;
				CLANG_WARN_UNGUARDED_AVAILABILITY = YES_AGGRESSIVE;
				CLANG_WARN_UNREACHABLE_CODE = YES;
				CLANG_WARN__DUPLICATE_METHOD_MATCH = YES;
				COPY_PHASE_STRIP = NO;
				DEBUG_INFORMATION_FORMAT = dwarf;
				ENABLE_STRICT_OBJC_MSGSEND = YES;
				ENABLE_TESTABILITY = YES;
				GCC_C_LANGUAGE_STANDARD = gnu11;
				GCC_DYNAMIC_NO_PIC = NO;
				GCC_NO_COMMON_BLOCKS = YES;
				GCC_OPTIMIZATION_LEVEL = 0;
				GCC_PREPROCESSOR_DEFINITIONS = (
					"DEBUG=1",
					"$(inherited)",
				);
				GCC_WARN_64_TO_32_BIT_CONVERSION = YES;
				GCC_WARN_ABOUT_RETURN_TYPE = YES_ERROR;
				GCC_WARN_UNDECLARED_SELECTOR = YES;
				GCC_WARN_UNINITIALIZED_AUTOS = YES_AGGRESSIVE;
				GCC_WARN_UNUSED_FUNCTION = YES;
				GCC_WARN_UNUSED_VARIABLE = YES;
				IPHONEOS_DEPLOYMENT_TARGET = 13.0;
				MTL_ENABLE_DEBUG_INFO = INCLUDE_SOURCE;
				MTL_FAST_MATH = YES;
				ONLY_ACTIVE_ARCH = YES;
				SDKROOT = iphoneos;
				SWIFT_ACTIVE_COMPILATION_CONDITIONS = DEBUG;
				SWIFT_OPTIMIZATION_LEVEL = "-Onone";
			};
			name = Debug;
		};
		2D246C0127BF6E0700546F28 /* Release */ = {
			isa = XCBuildConfiguration;
			buildSettings = {
				ALWAYS_SEARCH_USER_PATHS = NO;
				CLANG_ANALYZER_NONNULL = YES;
				CLANG_ANALYZER_NUMBER_OBJECT_CONVERSION = YES_AGGRESSIVE;
				CLANG_CXX_LANGUAGE_STANDARD = "gnu++17";
				CLANG_CXX_LIBRARY = "libc++";
				CLANG_ENABLE_MODULES = YES;
				CLANG_ENABLE_OBJC_ARC = YES;
				CLANG_ENABLE_OBJC_WEAK = YES;
				CLANG_WARN_BLOCK_CAPTURE_AUTORELEASING = YES;
				CLANG_WARN_BOOL_CONVERSION = YES;
				CLANG_WARN_COMMA = YES;
				CLANG_WARN_CONSTANT_CONVERSION = YES;
				CLANG_WARN_DEPRECATED_OBJC_IMPLEMENTATIONS = YES;
				CLANG_WARN_DIRECT_OBJC_ISA_USAGE = YES_ERROR;
				CLANG_WARN_DOCUMENTATION_COMMENTS = YES;
				CLANG_WARN_EMPTY_BODY = YES;
				CLANG_WARN_ENUM_CONVERSION = YES;
				CLANG_WARN_INFINITE_RECURSION = YES;
				CLANG_WARN_INT_CONVERSION = YES;
				CLANG_WARN_NON_LITERAL_NULL_CONVERSION = YES;
				CLANG_WARN_OBJC_IMPLICIT_RETAIN_SELF = YES;
				CLANG_WARN_OBJC_LITERAL_CONVERSION = YES;
				CLANG_WARN_OBJC_ROOT_CLASS = YES_ERROR;
				CLANG_WARN_QUOTED_INCLUDE_IN_FRAMEWORK_HEADER = YES;
				CLANG_WARN_RANGE_LOOP_ANALYSIS = YES;
				CLANG_WARN_STRICT_PROTOTYPES = YES;
				CLANG_WARN_SUSPICIOUS_MOVE = YES;
				CLANG_WARN_UNGUARDED_AVAILABILITY = YES_AGGRESSIVE;
				CLANG_WARN_UNREACHABLE_CODE = YES;
				CLANG_WARN__DUPLICATE_METHOD_MATCH = YES;
				COPY_PHASE_STRIP = NO;
				DEBUG_INFORMATION_FORMAT = "dwarf-with-dsym";
				ENABLE_NS_ASSERTIONS = NO;
				ENABLE_STRICT_OBJC_MSGSEND = YES;
				GCC_C_LANGUAGE_STANDARD = gnu11;
				GCC_NO_COMMON_BLOCKS = YES;
				GCC_WARN_64_TO_32_BIT_CONVERSION = YES;
				GCC_WARN_ABOUT_RETURN_TYPE = YES_ERROR;
				GCC_WARN_UNDECLARED_SELECTOR = YES;
				GCC_WARN_UNINITIALIZED_AUTOS = YES_AGGRESSIVE;
				GCC_WARN_UNUSED_FUNCTION = YES;
				GCC_WARN_UNUSED_VARIABLE = YES;
				IPHONEOS_DEPLOYMENT_TARGET = 13.0;
				MTL_ENABLE_DEBUG_INFO = NO;
				MTL_FAST_MATH = YES;
				SDKROOT = iphoneos;
				SWIFT_COMPILATION_MODE = wholemodule;
				SWIFT_OPTIMIZATION_LEVEL = "-O";
				VALIDATE_PRODUCT = YES;
			};
			name = Release;
		};
		2D246C0327BF6E0700546F28 /* Debug */ = {
			isa = XCBuildConfiguration;
			baseConfigurationReference = BC3F0E4D990966B075FCD806 /* Pods-Seldeog.debug.xcconfig */;
			buildSettings = {
				ASSETCATALOG_COMPILER_APPICON_NAME = AppIcon;
				ASSETCATALOG_COMPILER_GLOBAL_ACCENT_COLOR_NAME = AccentColor;
				CODE_SIGN_STYLE = Automatic;
				CURRENT_PROJECT_VERSION = 1;
				DEVELOPMENT_TEAM = U3443QN3X7;
				GENERATE_INFOPLIST_FILE = YES;
				INFOPLIST_FILE = Seldeog/Support/Info.plist;
				INFOPLIST_KEY_UIApplicationSceneManifest_Generation = YES;
				INFOPLIST_KEY_UIApplicationSupportsIndirectInputEvents = YES;
				INFOPLIST_KEY_UILaunchStoryboardName = LaunchScreen;
				INFOPLIST_KEY_UISupportedInterfaceOrientations = UIInterfaceOrientationPortrait;
				INFOPLIST_KEY_UISupportedInterfaceOrientations_iPad = "UIInterfaceOrientationPortrait UIInterfaceOrientationPortraitUpsideDown UIInterfaceOrientationLandscapeLeft UIInterfaceOrientationLandscapeRight";
				INFOPLIST_KEY_UISupportedInterfaceOrientations_iPhone = "UIInterfaceOrientationPortrait UIInterfaceOrientationLandscapeLeft UIInterfaceOrientationLandscapeRight";
				IPHONEOS_DEPLOYMENT_TARGET = 13.0;
				LD_RUNPATH_SEARCH_PATHS = (
					"$(inherited)",
					"@executable_path/Frameworks",
				);
				MARKETING_VERSION = 1.0;
				PRODUCT_BUNDLE_IDENTIFIER = com.datasturucter.Seldeog;
				PRODUCT_NAME = "$(TARGET_NAME)";
				SWIFT_EMIT_LOC_STRINGS = YES;
				SWIFT_VERSION = 5.0;
				TARGETED_DEVICE_FAMILY = "1,2";
			};
			name = Debug;
		};
		2D246C0427BF6E0700546F28 /* Release */ = {
			isa = XCBuildConfiguration;
			baseConfigurationReference = 0D613C9FD8BEDF1F07EAFD49 /* Pods-Seldeog.release.xcconfig */;
			buildSettings = {
				ASSETCATALOG_COMPILER_APPICON_NAME = AppIcon;
				ASSETCATALOG_COMPILER_GLOBAL_ACCENT_COLOR_NAME = AccentColor;
				CODE_SIGN_STYLE = Automatic;
				CURRENT_PROJECT_VERSION = 1;
				DEVELOPMENT_TEAM = U3443QN3X7;
				GENERATE_INFOPLIST_FILE = YES;
				INFOPLIST_FILE = Seldeog/Support/Info.plist;
				INFOPLIST_KEY_UIApplicationSceneManifest_Generation = YES;
				INFOPLIST_KEY_UIApplicationSupportsIndirectInputEvents = YES;
				INFOPLIST_KEY_UILaunchStoryboardName = LaunchScreen;
				INFOPLIST_KEY_UISupportedInterfaceOrientations = UIInterfaceOrientationPortrait;
				INFOPLIST_KEY_UISupportedInterfaceOrientations_iPad = "UIInterfaceOrientationPortrait UIInterfaceOrientationPortraitUpsideDown UIInterfaceOrientationLandscapeLeft UIInterfaceOrientationLandscapeRight";
				INFOPLIST_KEY_UISupportedInterfaceOrientations_iPhone = "UIInterfaceOrientationPortrait UIInterfaceOrientationLandscapeLeft UIInterfaceOrientationLandscapeRight";
				IPHONEOS_DEPLOYMENT_TARGET = 13.0;
				LD_RUNPATH_SEARCH_PATHS = (
					"$(inherited)",
					"@executable_path/Frameworks",
				);
				MARKETING_VERSION = 1.0;
				PRODUCT_BUNDLE_IDENTIFIER = com.datasturucter.Seldeog;
				PRODUCT_NAME = "$(TARGET_NAME)";
				SWIFT_EMIT_LOC_STRINGS = YES;
				SWIFT_VERSION = 5.0;
				TARGETED_DEVICE_FAMILY = "1,2";
			};
			name = Release;
		};
/* End XCBuildConfiguration section */

/* Begin XCConfigurationList section */
		2D246BE627BF6E0600546F28 /* Build configuration list for PBXProject "Seldeog" */ = {
			isa = XCConfigurationList;
			buildConfigurations = (
				2D246C0027BF6E0700546F28 /* Debug */,
				2D246C0127BF6E0700546F28 /* Release */,
			);
			defaultConfigurationIsVisible = 0;
			defaultConfigurationName = Release;
		};
		2D246C0227BF6E0700546F28 /* Build configuration list for PBXNativeTarget "Seldeog" */ = {
			isa = XCConfigurationList;
			buildConfigurations = (
				2D246C0327BF6E0700546F28 /* Debug */,
				2D246C0427BF6E0700546F28 /* Release */,
			);
			defaultConfigurationIsVisible = 0;
			defaultConfigurationName = Release;
		};
/* End XCConfigurationList section */

/* Begin XCVersionGroup section */
		2D246BF727BF6E0600546F28 /* Seldeog.xcdatamodeld */ = {
			isa = XCVersionGroup;
			children = (
				2D246BF827BF6E0600546F28 /* Seldeog.xcdatamodel */,
			);
			currentVersion = 2D246BF827BF6E0600546F28 /* Seldeog.xcdatamodel */;
			path = Seldeog.xcdatamodeld;
			sourceTree = "<group>";
			versionGroupType = wrapper.xcdatamodel;
		};
/* End XCVersionGroup section */
	};
	rootObject = 2D246BE327BF6E0600546F28 /* Project object */;
}
