// !$*UTF8*$!
{
	archiveVersion = 1;
	classes = {
	};
	objectVersion = 55;
	objects = {

/* Begin PBXBuildFile section */
		2D16DDF027E31F8200A43E5D /* SplashViewController.swift in Sources */ = {isa = PBXBuildFile; fileRef = 2D16DDEF27E31F8200A43E5D /* SplashViewController.swift */; };
		2D16DDF327E321DD00A43E5D /* LoginSwitcher.swift in Sources */ = {isa = PBXBuildFile; fileRef = 2D16DDF227E321DD00A43E5D /* LoginSwitcher.swift */; };
		2D1EC9A727DF65E300EE1D96 /* Image.swift in Sources */ = {isa = PBXBuildFile; fileRef = 2D1EC9A627DF65E300EE1D96 /* Image.swift */; };
		2D1EC9AB27DF6F2600EE1D96 /* StartMode.swift in Sources */ = {isa = PBXBuildFile; fileRef = 2D1EC9AA27DF6F2600EE1D96 /* StartMode.swift */; };
		2D1EC9B127DF712D00EE1D96 /* MainViewController.swift in Sources */ = {isa = PBXBuildFile; fileRef = 2D1EC9B027DF712D00EE1D96 /* MainViewController.swift */; };
		2D1EC9B327DF716500EE1D96 /* SelectShapeViewController.swift in Sources */ = {isa = PBXBuildFile; fileRef = 2D1EC9B227DF716500EE1D96 /* SelectShapeViewController.swift */; };
		2D246BEF27BF6E0600546F28 /* AppDelegate.swift in Sources */ = {isa = PBXBuildFile; fileRef = 2D246BEE27BF6E0600546F28 /* AppDelegate.swift */; };
		2D246BF127BF6E0600546F28 /* SceneDelegate.swift in Sources */ = {isa = PBXBuildFile; fileRef = 2D246BF027BF6E0600546F28 /* SceneDelegate.swift */; };
		2D246BF327BF6E0600546F28 /* StartSignInViewController.swift in Sources */ = {isa = PBXBuildFile; fileRef = 2D246BF227BF6E0600546F28 /* StartSignInViewController.swift */; };
		2D246BF927BF6E0600546F28 /* Seldeog.xcdatamodeld in Sources */ = {isa = PBXBuildFile; fileRef = 2D246BF727BF6E0600546F28 /* Seldeog.xcdatamodeld */; };
		2D246BFB27BF6E0700546F28 /* Assets.xcassets in Resources */ = {isa = PBXBuildFile; fileRef = 2D246BFA27BF6E0700546F28 /* Assets.xcassets */; };
		2D246BFE27BF6E0700546F28 /* LaunchScreen.storyboard in Resources */ = {isa = PBXBuildFile; fileRef = 2D246BFC27BF6E0700546F28 /* LaunchScreen.storyboard */; };
		2D2ADEFD27CF47620034A602 /* UIButton+Extension.swift in Sources */ = {isa = PBXBuildFile; fileRef = 2D2ADEFC27CF47620034A602 /* UIButton+Extension.swift */; };
		2D2ADEFF27CF47ED0034A602 /* UIColor+Extension.swift in Sources */ = {isa = PBXBuildFile; fileRef = 2D2ADEFE27CF47ED0034A602 /* UIColor+Extension.swift */; };
		2D2ADF0127CF4ADC0034A602 /* UIView+Extension.swift in Sources */ = {isa = PBXBuildFile; fileRef = 2D2ADF0027CF4ADC0034A602 /* UIView+Extension.swift */; };
		2D2ADF0427CF4D5B0034A602 /* SignInViewController.swift in Sources */ = {isa = PBXBuildFile; fileRef = 2D2ADF0327CF4D5B0034A602 /* SignInViewController.swift */; };
		2D2ADF0627CF4D610034A602 /* SignUpViewController.swift in Sources */ = {isa = PBXBuildFile; fileRef = 2D2ADF0527CF4D610034A602 /* SignUpViewController.swift */; };
		2D2ADF0827CF58CA0034A602 /* UITextField+Extension.swift in Sources */ = {isa = PBXBuildFile; fileRef = 2D2ADF0727CF58CA0034A602 /* UITextField+Extension.swift */; };
		2D47BA2E27E6FAC1007D83F1 /* MakeCharacterViewCell.swift in Sources */ = {isa = PBXBuildFile; fileRef = 2D47BA2D27E6FAC1007D83F1 /* MakeCharacterViewCell.swift */; };
		2D97E6ED27EAE8400029DE35 /* SelectFeatureViewController.swift in Sources */ = {isa = PBXBuildFile; fileRef = 2D97E6EC27EAE8400029DE35 /* SelectFeatureViewController.swift */; };
		2D97E6EF27EAE9D30029DE35 /* CharacterData.swift in Sources */ = {isa = PBXBuildFile; fileRef = 2D97E6EE27EAE9D30029DE35 /* CharacterData.swift */; };
		2DBF1D8A27CFA15100285A0B /* CheckButton.swift in Sources */ = {isa = PBXBuildFile; fileRef = 2DBF1D8927CFA15100285A0B /* CheckButton.swift */; };
		2DBF1D9027D0819300285A0B /* AuthAPI.swift in Sources */ = {isa = PBXBuildFile; fileRef = 2DBF1D8F27D0819300285A0B /* AuthAPI.swift */; };
		2DBF1D9427D081AC00285A0B /* AuthRepository.swift in Sources */ = {isa = PBXBuildFile; fileRef = 2DBF1D9327D081AC00285A0B /* AuthRepository.swift */; };
		2DBF1D9627D0829B00285A0B /* BaseTargetType.swift in Sources */ = {isa = PBXBuildFile; fileRef = 2DBF1D9527D0829B00285A0B /* BaseTargetType.swift */; };
		2DBF1D9927D086EE00285A0B /* NetworkResult.swift in Sources */ = {isa = PBXBuildFile; fileRef = 2DBF1D9827D086EE00285A0B /* NetworkResult.swift */; };
		2DDDD45327E1C0FD00FC289C /* NanumBarunpenR.otf in Resources */ = {isa = PBXBuildFile; fileRef = 2DDDD45127E1C0FD00FC289C /* NanumBarunpenR.otf */; };
		2DDDD45427E1C0FD00FC289C /* NanumBarunpenB.otf in Resources */ = {isa = PBXBuildFile; fileRef = 2DDDD45227E1C0FD00FC289C /* NanumBarunpenB.otf */; };
		2DDDD45627E1C22900FC289C /* Font.swift in Sources */ = {isa = PBXBuildFile; fileRef = 2DDDD45527E1C22900FC289C /* Font.swift */; };
		2DDDD45827E1C5C300FC289C /* BaseViewController.swift in Sources */ = {isa = PBXBuildFile; fileRef = 2DDDD45727E1C5C300FC289C /* BaseViewController.swift */; };
		2DF8C72E27D49D1F002BEA1D /* AuthResponse.swift in Sources */ = {isa = PBXBuildFile; fileRef = 2DF8C72D27D49D1F002BEA1D /* AuthResponse.swift */; };
		2DF8C73627D5061A002BEA1D /* UserDefaultKey.swift in Sources */ = {isa = PBXBuildFile; fileRef = 2DF8C73527D5061A002BEA1D /* UserDefaultKey.swift */; };
		EAC40CB19EABBAD035E8828A /* Pods_Seldeog.framework in Frameworks */ = {isa = PBXBuildFile; fileRef = 0AAF0B56B4CC1C934DB74212 /* Pods_Seldeog.framework */; };
/* End PBXBuildFile section */

/* Begin PBXFileReference section */
		0AAF0B56B4CC1C934DB74212 /* Pods_Seldeog.framework */ = {isa = PBXFileReference; explicitFileType = wrapper.framework; includeInIndex = 0; path = Pods_Seldeog.framework; sourceTree = BUILT_PRODUCTS_DIR; };
		0D613C9FD8BEDF1F07EAFD49 /* Pods-Seldeog.release.xcconfig */ = {isa = PBXFileReference; includeInIndex = 1; lastKnownFileType = text.xcconfig; name = "Pods-Seldeog.release.xcconfig"; path = "Target Support Files/Pods-Seldeog/Pods-Seldeog.release.xcconfig"; sourceTree = "<group>"; };
		2D16DDEF27E31F8200A43E5D /* SplashViewController.swift */ = {isa = PBXFileReference; lastKnownFileType = sourcecode.swift; path = SplashViewController.swift; sourceTree = "<group>"; };
		2D16DDF227E321DD00A43E5D /* LoginSwitcher.swift */ = {isa = PBXFileReference; lastKnownFileType = sourcecode.swift; path = LoginSwitcher.swift; sourceTree = "<group>"; };
		2D1EC9A627DF65E300EE1D96 /* Image.swift */ = {isa = PBXFileReference; lastKnownFileType = sourcecode.swift; path = Image.swift; sourceTree = "<group>"; };
		2D1EC9AA27DF6F2600EE1D96 /* StartMode.swift */ = {isa = PBXFileReference; lastKnownFileType = sourcecode.swift; path = StartMode.swift; sourceTree = "<group>"; };
		2D1EC9B027DF712D00EE1D96 /* MainViewController.swift */ = {isa = PBXFileReference; lastKnownFileType = sourcecode.swift; path = MainViewController.swift; sourceTree = "<group>"; };
		2D1EC9B227DF716500EE1D96 /* SelectShapeViewController.swift */ = {isa = PBXFileReference; lastKnownFileType = sourcecode.swift; path = SelectShapeViewController.swift; sourceTree = "<group>"; };
		2D246BEB27BF6E0600546F28 /* Seldeog.app */ = {isa = PBXFileReference; explicitFileType = wrapper.application; includeInIndex = 0; path = Seldeog.app; sourceTree = BUILT_PRODUCTS_DIR; };
		2D246BEE27BF6E0600546F28 /* AppDelegate.swift */ = {isa = PBXFileReference; lastKnownFileType = sourcecode.swift; path = AppDelegate.swift; sourceTree = "<group>"; };
		2D246BF027BF6E0600546F28 /* SceneDelegate.swift */ = {isa = PBXFileReference; lastKnownFileType = sourcecode.swift; path = SceneDelegate.swift; sourceTree = "<group>"; };
		2D246BF227BF6E0600546F28 /* StartSignInViewController.swift */ = {isa = PBXFileReference; lastKnownFileType = sourcecode.swift; path = StartSignInViewController.swift; sourceTree = "<group>"; };
		2D246BF827BF6E0600546F28 /* Seldeog.xcdatamodel */ = {isa = PBXFileReference; lastKnownFileType = wrapper.xcdatamodel; path = Seldeog.xcdatamodel; sourceTree = "<group>"; };
		2D246BFA27BF6E0700546F28 /* Assets.xcassets */ = {isa = PBXFileReference; lastKnownFileType = folder.assetcatalog; path = Assets.xcassets; sourceTree = "<group>"; };
		2D246BFD27BF6E0700546F28 /* Base */ = {isa = PBXFileReference; lastKnownFileType = file.storyboard; name = Base; path = Base.lproj/LaunchScreen.storyboard; sourceTree = "<group>"; };
		2D246BFF27BF6E0700546F28 /* Info.plist */ = {isa = PBXFileReference; lastKnownFileType = text.plist.xml; path = Info.plist; sourceTree = "<group>"; };
		2D2ADEFC27CF47620034A602 /* UIButton+Extension.swift */ = {isa = PBXFileReference; lastKnownFileType = sourcecode.swift; path = "UIButton+Extension.swift"; sourceTree = "<group>"; };
		2D2ADEFE27CF47ED0034A602 /* UIColor+Extension.swift */ = {isa = PBXFileReference; lastKnownFileType = sourcecode.swift; path = "UIColor+Extension.swift"; sourceTree = "<group>"; };
		2D2ADF0027CF4ADC0034A602 /* UIView+Extension.swift */ = {isa = PBXFileReference; lastKnownFileType = sourcecode.swift; path = "UIView+Extension.swift"; sourceTree = "<group>"; };
		2D2ADF0327CF4D5B0034A602 /* SignInViewController.swift */ = {isa = PBXFileReference; lastKnownFileType = sourcecode.swift; path = SignInViewController.swift; sourceTree = "<group>"; };
		2D2ADF0527CF4D610034A602 /* SignUpViewController.swift */ = {isa = PBXFileReference; lastKnownFileType = sourcecode.swift; path = SignUpViewController.swift; sourceTree = "<group>"; };
		2D2ADF0727CF58CA0034A602 /* UITextField+Extension.swift */ = {isa = PBXFileReference; lastKnownFileType = sourcecode.swift; path = "UITextField+Extension.swift"; sourceTree = "<group>"; };
		2D47BA2D27E6FAC1007D83F1 /* MakeCharacterViewCell.swift */ = {isa = PBXFileReference; lastKnownFileType = sourcecode.swift; path = MakeCharacterViewCell.swift; sourceTree = "<group>"; };
		2D97E6EC27EAE8400029DE35 /* SelectFeatureViewController.swift */ = {isa = PBXFileReference; lastKnownFileType = sourcecode.swift; path = SelectFeatureViewController.swift; sourceTree = "<group>"; };
		2D97E6EE27EAE9D30029DE35 /* CharacterData.swift */ = {isa = PBXFileReference; lastKnownFileType = sourcecode.swift; path = CharacterData.swift; sourceTree = "<group>"; };
		2DBF1D8927CFA15100285A0B /* CheckButton.swift */ = {isa = PBXFileReference; lastKnownFileType = sourcecode.swift; path = CheckButton.swift; sourceTree = "<group>"; };
		2DBF1D8F27D0819300285A0B /* AuthAPI.swift */ = {isa = PBXFileReference; lastKnownFileType = sourcecode.swift; path = AuthAPI.swift; sourceTree = "<group>"; };
		2DBF1D9327D081AC00285A0B /* AuthRepository.swift */ = {isa = PBXFileReference; lastKnownFileType = sourcecode.swift; path = AuthRepository.swift; sourceTree = "<group>"; };
		2DBF1D9527D0829B00285A0B /* BaseTargetType.swift */ = {isa = PBXFileReference; lastKnownFileType = sourcecode.swift; path = BaseTargetType.swift; sourceTree = "<group>"; };
		2DBF1D9827D086EE00285A0B /* NetworkResult.swift */ = {isa = PBXFileReference; lastKnownFileType = sourcecode.swift; path = NetworkResult.swift; sourceTree = "<group>"; };
		2DDDD45127E1C0FD00FC289C /* NanumBarunpenR.otf */ = {isa = PBXFileReference; lastKnownFileType = file; path = NanumBarunpenR.otf; sourceTree = "<group>"; };
		2DDDD45227E1C0FD00FC289C /* NanumBarunpenB.otf */ = {isa = PBXFileReference; lastKnownFileType = file; path = NanumBarunpenB.otf; sourceTree = "<group>"; };
		2DDDD45527E1C22900FC289C /* Font.swift */ = {isa = PBXFileReference; lastKnownFileType = sourcecode.swift; path = Font.swift; sourceTree = "<group>"; };
		2DDDD45727E1C5C300FC289C /* BaseViewController.swift */ = {isa = PBXFileReference; lastKnownFileType = sourcecode.swift; path = BaseViewController.swift; sourceTree = "<group>"; };
		2DF8C72D27D49D1F002BEA1D /* AuthResponse.swift */ = {isa = PBXFileReference; lastKnownFileType = sourcecode.swift; path = AuthResponse.swift; sourceTree = "<group>"; };
		2DF8C73527D5061A002BEA1D /* UserDefaultKey.swift */ = {isa = PBXFileReference; lastKnownFileType = sourcecode.swift; path = UserDefaultKey.swift; sourceTree = "<group>"; };
		BC3F0E4D990966B075FCD806 /* Pods-Seldeog.debug.xcconfig */ = {isa = PBXFileReference; includeInIndex = 1; lastKnownFileType = text.xcconfig; name = "Pods-Seldeog.debug.xcconfig"; path = "Target Support Files/Pods-Seldeog/Pods-Seldeog.debug.xcconfig"; sourceTree = "<group>"; };
/* End PBXFileReference section */

/* Begin PBXFrameworksBuildPhase section */
		2D246BE827BF6E0600546F28 /* Frameworks */ = {
			isa = PBXFrameworksBuildPhase;
			buildActionMask = 2147483647;
			files = (
				EAC40CB19EABBAD035E8828A /* Pods_Seldeog.framework in Frameworks */,
			);
			runOnlyForDeploymentPostprocessing = 0;
		};
/* End PBXFrameworksBuildPhase section */

/* Begin PBXGroup section */
		2D1EC9AC27DF70CA00EE1D96 /* OnBoarding */ = {
			isa = PBXGroup;
			children = (
				2D1EC9B227DF716500EE1D96 /* SelectShapeViewController.swift */,
				2D97E6EC27EAE8400029DE35 /* SelectFeatureViewController.swift */,
				2D47BA2D27E6FAC1007D83F1 /* MakeCharacterViewCell.swift */,
				2D97E6EE27EAE9D30029DE35 /* CharacterData.swift */,
			);
			path = OnBoarding;
			sourceTree = "<group>";
		};
		2D1EC9AF27DF711700EE1D96 /* Main */ = {
			isa = PBXGroup;
			children = (
				2D1EC9B027DF712D00EE1D96 /* MainViewController.swift */,
			);
			path = Main;
			sourceTree = "<group>";
		};
		2D246BE227BF6E0600546F28 = {
			isa = PBXGroup;
			children = (
				2D246BED27BF6E0600546F28 /* Seldeog */,
				2D246BEC27BF6E0600546F28 /* Products */,
				5592A7E64A1C770F8452A196 /* Pods */,
				7E237DE2DC3F746D14FA330D /* Frameworks */,
			);
			sourceTree = "<group>";
		};
		2D246BEC27BF6E0600546F28 /* Products */ = {
			isa = PBXGroup;
			children = (
				2D246BEB27BF6E0600546F28 /* Seldeog.app */,
			);
			name = Products;
			sourceTree = "<group>";
		};
		2D246BED27BF6E0600546F28 /* Seldeog */ = {
			isa = PBXGroup;
			children = (
				2D246C0827BF776E00546F28 /* Resource */,
				2D246C0727BF776700546F28 /* Source */,
				2D246C0627BF775F00546F28 /* Support */,
				2D246BF727BF6E0600546F28 /* Seldeog.xcdatamodeld */,
			);
			path = Seldeog;
			sourceTree = "<group>";
		};
		2D246C0627BF775F00546F28 /* Support */ = {
			isa = PBXGroup;
			children = (
				2D246BEE27BF6E0600546F28 /* AppDelegate.swift */,
				2D246BF027BF6E0600546F28 /* SceneDelegate.swift */,
				2D246BFF27BF6E0700546F28 /* Info.plist */,
			);
			path = Support;
			sourceTree = "<group>";
		};
		2D246C0727BF776700546F28 /* Source */ = {
			isa = PBXGroup;
			children = (
				2D2ADEFB27CF46810034A602 /* Network */,
				2D2ADEFA27CF46740034A602 /* Util */,
				2D2ADEF927CF466E0034A602 /* Feature */,
			);
			path = Source;
			sourceTree = "<group>";
		};
		2D246C0827BF776E00546F28 /* Resource */ = {
			isa = PBXGroup;
			children = (
				2DDDD45027E1C0E500FC289C /* Fonts */,
				2D246BFA27BF6E0700546F28 /* Assets.xcassets */,
				2D246BFC27BF6E0700546F28 /* LaunchScreen.storyboard */,
				2D1EC9A627DF65E300EE1D96 /* Image.swift */,
				2DDDD45527E1C22900FC289C /* Font.swift */,
			);
			path = Resource;
			sourceTree = "<group>";
		};
		2D2ADEF927CF466E0034A602 /* Feature */ = {
			isa = PBXGroup;
			children = (
				2D1EC9AF27DF711700EE1D96 /* Main */,
				2D1EC9AC27DF70CA00EE1D96 /* OnBoarding */,
				2DBF1D8827CFA14400285A0B /* Base */,
				2D2ADF0227CF4D4C0034A602 /* Auth */,
				2D16DDEF27E31F8200A43E5D /* SplashViewController.swift */,
				2D16DDF227E321DD00A43E5D /* LoginSwitcher.swift */,
			);
			path = Feature;
			sourceTree = "<group>";
		};
		2D2ADEFA27CF46740034A602 /* Util */ = {
			isa = PBXGroup;
			children = (
				2D2ADEFC27CF47620034A602 /* UIButton+Extension.swift */,
				2D2ADEFE27CF47ED0034A602 /* UIColor+Extension.swift */,
				2D2ADF0027CF4ADC0034A602 /* UIView+Extension.swift */,
				2D2ADF0727CF58CA0034A602 /* UITextField+Extension.swift */,
				2DF8C73527D5061A002BEA1D /* UserDefaultKey.swift */,
			);
			path = Util;
			sourceTree = "<group>";
		};
		2D2ADEFB27CF46810034A602 /* Network */ = {
			isa = PBXGroup;
			children = (
				2DBF1D9727D083FD00285A0B /* Base */,
				2DBF1D8E27D0818400285A0B /* Repository */,
				2DBF1D8D27D0817F00285A0B /* Model */,
				2DBF1D8C27D0817800285A0B /* API */,
			);
			path = Network;
			sourceTree = "<group>";
		};
		2D2ADF0227CF4D4C0034A602 /* Auth */ = {
			isa = PBXGroup;
			children = (
				2D246BF227BF6E0600546F28 /* StartSignInViewController.swift */,
				2D2ADF0327CF4D5B0034A602 /* SignInViewController.swift */,
				2D2ADF0527CF4D610034A602 /* SignUpViewController.swift */,
			);
			path = Auth;
			sourceTree = "<group>";
		};
		2DBF1D8827CFA14400285A0B /* Base */ = {
			isa = PBXGroup;
			children = (
				2DBF1D8927CFA15100285A0B /* CheckButton.swift */,
				2DDDD45727E1C5C300FC289C /* BaseViewController.swift */,
				2D1EC9AA27DF6F2600EE1D96 /* StartMode.swift */,
			);
			path = Base;
			sourceTree = "<group>";
		};
		2DBF1D8C27D0817800285A0B /* API */ = {
			isa = PBXGroup;
			children = (
				2DBF1D8F27D0819300285A0B /* AuthAPI.swift */,
			);
			path = API;
			sourceTree = "<group>";
		};
		2DBF1D8D27D0817F00285A0B /* Model */ = {
			isa = PBXGroup;
			children = (
				2DF8C72D27D49D1F002BEA1D /* AuthResponse.swift */,
			);
			path = Model;
			sourceTree = "<group>";
		};
		2DBF1D8E27D0818400285A0B /* Repository */ = {
			isa = PBXGroup;
			children = (
				2DBF1D9327D081AC00285A0B /* AuthRepository.swift */,
			);
			path = Repository;
			sourceTree = "<group>";
		};
		2DBF1D9727D083FD00285A0B /* Base */ = {
			isa = PBXGroup;
			children = (
				2DBF1D9527D0829B00285A0B /* BaseTargetType.swift */,
				2DBF1D9827D086EE00285A0B /* NetworkResult.swift */,
			);
			path = Base;
			sourceTree = "<group>";
		};
		2DDDD45027E1C0E500FC289C /* Fonts */ = {
			isa = PBXGroup;
			children = (
				2DDDD45227E1C0FD00FC289C /* NanumBarunpenB.otf */,
				2DDDD45127E1C0FD00FC289C /* NanumBarunpenR.otf */,
			);
			path = Fonts;
			sourceTree = "<group>";
		};
		5592A7E64A1C770F8452A196 /* Pods */ = {
			isa = PBXGroup;
			children = (
				BC3F0E4D990966B075FCD806 /* Pods-Seldeog.debug.xcconfig */,
				0D613C9FD8BEDF1F07EAFD49 /* Pods-Seldeog.release.xcconfig */,
			);
			path = Pods;
			sourceTree = "<group>";
		};
		7E237DE2DC3F746D14FA330D /* Frameworks */ = {
			isa = PBXGroup;
			children = (
				0AAF0B56B4CC1C934DB74212 /* Pods_Seldeog.framework */,
			);
			name = Frameworks;
			sourceTree = "<group>";
		};
/* End PBXGroup section */

/* Begin PBXNativeTarget section */
		2D246BEA27BF6E0600546F28 /* Seldeog */ = {
			isa = PBXNativeTarget;
			buildConfigurationList = 2D246C0227BF6E0700546F28 /* Build configuration list for PBXNativeTarget "Seldeog" */;
			buildPhases = (
				5FDDB7553D5331586122AF06 /* [CP] Check Pods Manifest.lock */,
				2D246BE727BF6E0600546F28 /* Sources */,
				2D246BE827BF6E0600546F28 /* Frameworks */,
				2D246BE927BF6E0600546F28 /* Resources */,
				F1C2A2202EB91CB17D0B8373 /* [CP] Embed Pods Frameworks */,
			);
			buildRules = (
			);
			dependencies = (
			);
			name = Seldeog;
			productName = Seldeog;
			productReference = 2D246BEB27BF6E0600546F28 /* Seldeog.app */;
			productType = "com.apple.product-type.application";
		};
/* End PBXNativeTarget section */

/* Begin PBXProject section */
		2D246BE327BF6E0600546F28 /* Project object */ = {
			isa = PBXProject;
			attributes = {
				BuildIndependentTargetsInParallel = NO;
				LastSwiftUpdateCheck = 1320;
				LastUpgradeCheck = 1320;
				TargetAttributes = {
					2D246BEA27BF6E0600546F28 = {
						CreatedOnToolsVersion = 13.2.1;
					};
				};
			};
			buildConfigurationList = 2D246BE627BF6E0600546F28 /* Build configuration list for PBXProject "Seldeog" */;
			compatibilityVersion = "Xcode 13.0";
			developmentRegion = en;
			hasScannedForEncodings = 0;
			knownRegions = (
				en,
				Base,
			);
			mainGroup = 2D246BE227BF6E0600546F28;
			productRefGroup = 2D246BEC27BF6E0600546F28 /* Products */;
			projectDirPath = "";
			projectRoot = "";
			targets = (
				2D246BEA27BF6E0600546F28 /* Seldeog */,
			);
		};
/* End PBXProject section */

/* Begin PBXResourcesBuildPhase section */
		2D246BE927BF6E0600546F28 /* Resources */ = {
			isa = PBXResourcesBuildPhase;
			buildActionMask = 2147483647;
			files = (
				2DDDD45327E1C0FD00FC289C /* NanumBarunpenR.otf in Resources */,
				2DDDD45427E1C0FD00FC289C /* NanumBarunpenB.otf in Resources */,
				2D246BFE27BF6E0700546F28 /* LaunchScreen.storyboard in Resources */,
				2D246BFB27BF6E0700546F28 /* Assets.xcassets in Resources */,
			);
			runOnlyForDeploymentPostprocessing = 0;
		};
/* End PBXResourcesBuildPhase section */

/* Begin PBXShellScriptBuildPhase section */
		5FDDB7553D5331586122AF06 /* [CP] Check Pods Manifest.lock */ = {
			isa = PBXShellScriptBuildPhase;
			buildActionMask = 2147483647;
			files = (
			);
			inputFileListPaths = (
			);
			inputPaths = (
				"${PODS_PODFILE_DIR_PATH}/Podfile.lock",
				"${PODS_ROOT}/Manifest.lock",
			);
			name = "[CP] Check Pods Manifest.lock";
			outputFileListPaths = (
			);
			outputPaths = (
				"$(DERIVED_FILE_DIR)/Pods-Seldeog-checkManifestLockResult.txt",
			);
			runOnlyForDeploymentPostprocessing = 0;
			shellPath = /bin/sh;
			shellScript = "diff \"${PODS_PODFILE_DIR_PATH}/Podfile.lock\" \"${PODS_ROOT}/Manifest.lock\" > /dev/null\nif [ $? != 0 ] ; then\n    # print error to STDERR\n    echo \"error: The sandbox is not in sync with the Podfile.lock. Run 'pod install' or update your CocoaPods installation.\" >&2\n    exit 1\nfi\n# This output is used by Xcode 'outputs' to avoid re-running this script phase.\necho \"SUCCESS\" > \"${SCRIPT_OUTPUT_FILE_0}\"\n";
			showEnvVarsInLog = 0;
		};
		F1C2A2202EB91CB17D0B8373 /* [CP] Embed Pods Frameworks */ = {
			isa = PBXShellScriptBuildPhase;
			buildActionMask = 2147483647;
			files = (
			);
			inputFileListPaths = (
				"${PODS_ROOT}/Target Support Files/Pods-Seldeog/Pods-Seldeog-frameworks-${CONFIGURATION}-input-files.xcfilelist",
			);
			name = "[CP] Embed Pods Frameworks";
			outputFileListPaths = (
				"${PODS_ROOT}/Target Support Files/Pods-Seldeog/Pods-Seldeog-frameworks-${CONFIGURATION}-output-files.xcfilelist",
			);
			runOnlyForDeploymentPostprocessing = 0;
			shellPath = /bin/sh;
			shellScript = "\"${PODS_ROOT}/Target Support Files/Pods-Seldeog/Pods-Seldeog-frameworks.sh\"\n";
			showEnvVarsInLog = 0;
		};
/* End PBXShellScriptBuildPhase section */

/* Begin PBXSourcesBuildPhase section */
		2D246BE727BF6E0600546F28 /* Sources */ = {
			isa = PBXSourcesBuildPhase;
			buildActionMask = 2147483647;
			files = (
				2D47BA2E27E6FAC1007D83F1 /* MakeCharacterViewCell.swift in Sources */,
				2D246BF327BF6E0600546F28 /* StartSignInViewController.swift in Sources */,
				2D1EC9A727DF65E300EE1D96 /* Image.swift in Sources */,
				2D1EC9B327DF716500EE1D96 /* SelectShapeViewController.swift in Sources */,
				2DDDD45827E1C5C300FC289C /* BaseViewController.swift in Sources */,
				2D2ADF0127CF4ADC0034A602 /* UIView+Extension.swift in Sources */,
				2D2ADF0627CF4D610034A602 /* SignUpViewController.swift in Sources */,
				2D246BEF27BF6E0600546F28 /* AppDelegate.swift in Sources */,
				2D97E6ED27EAE8400029DE35 /* SelectFeatureViewController.swift in Sources */,
				2DBF1D9027D0819300285A0B /* AuthAPI.swift in Sources */,
				2DBF1D9627D0829B00285A0B /* BaseTargetType.swift in Sources */,
				2D246BF127BF6E0600546F28 /* SceneDelegate.swift in Sources */,
				2DBF1D9927D086EE00285A0B /* NetworkResult.swift in Sources */,
				2D2ADF0827CF58CA0034A602 /* UITextField+Extension.swift in Sources */,
				2D2ADF0427CF4D5B0034A602 /* SignInViewController.swift in Sources */,
				2DDDD45627E1C22900FC289C /* Font.swift in Sources */,
				2D2ADEFF27CF47ED0034A602 /* UIColor+Extension.swift in Sources */,
				2D16DDF027E31F8200A43E5D /* SplashViewController.swift in Sources */,
				2D1EC9AB27DF6F2600EE1D96 /* StartMode.swift in Sources */,
				2D16DDF327E321DD00A43E5D /* LoginSwitcher.swift in Sources */,
				2D2ADEFD27CF47620034A602 /* UIButton+Extension.swift in Sources */,
				2D97E6EF27EAE9D30029DE35 /* CharacterData.swift in Sources */,
				2DBF1D9427D081AC00285A0B /* AuthRepository.swift in Sources */,
				2DBF1D8A27CFA15100285A0B /* CheckButton.swift in Sources */,
				2DF8C73627D5061A002BEA1D /* UserDefaultKey.swift in Sources */,
				2DF8C72E27D49D1F002BEA1D /* AuthResponse.swift in Sources */,
				2D1EC9B127DF712D00EE1D96 /* MainViewController.swift in Sources */,
				2D246BF927BF6E0600546F28 /* Seldeog.xcdatamodeld in Sources */,
			);
			runOnlyForDeploymentPostprocessing = 0;
		};
/* End PBXSourcesBuildPhase section */

/* Begin PBXVariantGroup section */
		2D246BFC27BF6E0700546F28 /* LaunchScreen.storyboard */ = {
			isa = PBXVariantGroup;
			children = (
				2D246BFD27BF6E0700546F28 /* Base */,
			);
			name = LaunchScreen.storyboard;
			sourceTree = "<group>";
		};
/* End PBXVariantGroup section */

/* Begin XCBuildConfiguration section */
		2D246C0027BF6E0700546F28 /* Debug */ = {
			isa = XCBuildConfiguration;
			buildSettings = {
				ALWAYS_SEARCH_USER_PATHS = NO;
				CLANG_ANALYZER_NONNULL = YES;
				CLANG_ANALYZER_NUMBER_OBJECT_CONVERSION = YES_AGGRESSIVE;
				CLANG_CXX_LANGUAGE_STANDARD = "gnu++17";
				CLANG_CXX_LIBRARY = "libc++";
				CLANG_ENABLE_MODULES = YES;
				CLANG_ENABLE_OBJC_ARC = YES;
				CLANG_ENABLE_OBJC_WEAK = YES;
				CLANG_WARN_BLOCK_CAPTURE_AUTORELEASING = YES;
				CLANG_WARN_BOOL_CONVERSION = YES;
				CLANG_WARN_COMMA = YES;
				CLANG_WARN_CONSTANT_CONVERSION = YES;
				CLANG_WARN_DEPRECATED_OBJC_IMPLEMENTATIONS = YES;
				CLANG_WARN_DIRECT_OBJC_ISA_USAGE = YES_ERROR;
				CLANG_WARN_DOCUMENTATION_COMMENTS = YES;
				CLANG_WARN_EMPTY_BODY = YES;
				CLANG_WARN_ENUM_CONVERSION = YES;
				CLANG_WARN_INFINITE_RECURSION = YES;
				CLANG_WARN_INT_CONVERSION = YES;
				CLANG_WARN_NON_LITERAL_NULL_CONVERSION = YES;
				CLANG_WARN_OBJC_IMPLICIT_RETAIN_SELF = YES;
				CLANG_WARN_OBJC_LITERAL_CONVERSION = YES;
				CLANG_WARN_OBJC_ROOT_CLASS = YES_ERROR;
				CLANG_WARN_QUOTED_INCLUDE_IN_FRAMEWORK_HEADER = YES;
				CLANG_WARN_RANGE_LOOP_ANALYSIS = YES;
				CLANG_WARN_STRICT_PROTOTYPES = YES;
				CLANG_WARN_SUSPICIOUS_MOVE = YES;
				CLANG_WARN_UNGUARDED_AVAILABILITY = YES_AGGRESSIVE;
				CLANG_WARN_UNREACHABLE_CODE = YES;
				CLANG_WARN__DUPLICATE_METHOD_MATCH = YES;
				COPY_PHASE_STRIP = NO;
				DEBUG_INFORMATION_FORMAT = dwarf;
				ENABLE_STRICT_OBJC_MSGSEND = YES;
				ENABLE_TESTABILITY = YES;
				GCC_C_LANGUAGE_STANDARD = gnu11;
				GCC_DYNAMIC_NO_PIC = NO;
				GCC_NO_COMMON_BLOCKS = YES;
				GCC_OPTIMIZATION_LEVEL = 0;
				GCC_PREPROCESSOR_DEFINITIONS = (
					"DEBUG=1",
					"$(inherited)",
				);
				GCC_WARN_64_TO_32_BIT_CONVERSION = YES;
				GCC_WARN_ABOUT_RETURN_TYPE = YES_ERROR;
				GCC_WARN_UNDECLARED_SELECTOR = YES;
				GCC_WARN_UNINITIALIZED_AUTOS = YES_AGGRESSIVE;
				GCC_WARN_UNUSED_FUNCTION = YES;
				GCC_WARN_UNUSED_VARIABLE = YES;
				IPHONEOS_DEPLOYMENT_TARGET = 13.0;
				MTL_ENABLE_DEBUG_INFO = INCLUDE_SOURCE;
				MTL_FAST_MATH = YES;
				ONLY_ACTIVE_ARCH = YES;
				SDKROOT = iphoneos;
				SWIFT_ACTIVE_COMPILATION_CONDITIONS = DEBUG;
				SWIFT_OPTIMIZATION_LEVEL = "-Onone";
			};
			name = Debug;
		};
		2D246C0127BF6E0700546F28 /* Release */ = {
			isa = XCBuildConfiguration;
			buildSettings = {
				ALWAYS_SEARCH_USER_PATHS = NO;
				CLANG_ANALYZER_NONNULL = YES;
				CLANG_ANALYZER_NUMBER_OBJECT_CONVERSION = YES_AGGRESSIVE;
				CLANG_CXX_LANGUAGE_STANDARD = "gnu++17";
				CLANG_CXX_LIBRARY = "libc++";
				CLANG_ENABLE_MODULES = YES;
				CLANG_ENABLE_OBJC_ARC = YES;
				CLANG_ENABLE_OBJC_WEAK = YES;
				CLANG_WARN_BLOCK_CAPTURE_AUTORELEASING = YES;
				CLANG_WARN_BOOL_CONVERSION = YES;
				CLANG_WARN_COMMA = YES;
				CLANG_WARN_CONSTANT_CONVERSION = YES;
				CLANG_WARN_DEPRECATED_OBJC_IMPLEMENTATIONS = YES;
				CLANG_WARN_DIRECT_OBJC_ISA_USAGE = YES_ERROR;
				CLANG_WARN_DOCUMENTATION_COMMENTS = YES;
				CLANG_WARN_EMPTY_BODY = YES;
				CLANG_WARN_ENUM_CONVERSION = YES;
				CLANG_WARN_INFINITE_RECURSION = YES;
				CLANG_WARN_INT_CONVERSION = YES;
				CLANG_WARN_NON_LITERAL_NULL_CONVERSION = YES;
				CLANG_WARN_OBJC_IMPLICIT_RETAIN_SELF = YES;
				CLANG_WARN_OBJC_LITERAL_CONVERSION = YES;
				CLANG_WARN_OBJC_ROOT_CLASS = YES_ERROR;
				CLANG_WARN_QUOTED_INCLUDE_IN_FRAMEWORK_HEADER = YES;
				CLANG_WARN_RANGE_LOOP_ANALYSIS = YES;
				CLANG_WARN_STRICT_PROTOTYPES = YES;
				CLANG_WARN_SUSPICIOUS_MOVE = YES;
				CLANG_WARN_UNGUARDED_AVAILABILITY = YES_AGGRESSIVE;
				CLANG_WARN_UNREACHABLE_CODE = YES;
				CLANG_WARN__DUPLICATE_METHOD_MATCH = YES;
				COPY_PHASE_STRIP = NO;
				DEBUG_INFORMATION_FORMAT = "dwarf-with-dsym";
				ENABLE_NS_ASSERTIONS = NO;
				ENABLE_STRICT_OBJC_MSGSEND = YES;
				GCC_C_LANGUAGE_STANDARD = gnu11;
				GCC_NO_COMMON_BLOCKS = YES;
				GCC_WARN_64_TO_32_BIT_CONVERSION = YES;
				GCC_WARN_ABOUT_RETURN_TYPE = YES_ERROR;
				GCC_WARN_UNDECLARED_SELECTOR = YES;
				GCC_WARN_UNINITIALIZED_AUTOS = YES_AGGRESSIVE;
				GCC_WARN_UNUSED_FUNCTION = YES;
				GCC_WARN_UNUSED_VARIABLE = YES;
				IPHONEOS_DEPLOYMENT_TARGET = 13.0;
				MTL_ENABLE_DEBUG_INFO = NO;
				MTL_FAST_MATH = YES;
				SDKROOT = iphoneos;
				SWIFT_COMPILATION_MODE = wholemodule;
				SWIFT_OPTIMIZATION_LEVEL = "-O";
				VALIDATE_PRODUCT = YES;
			};
			name = Release;
		};
		2D246C0327BF6E0700546F28 /* Debug */ = {
			isa = XCBuildConfiguration;
			baseConfigurationReference = BC3F0E4D990966B075FCD806 /* Pods-Seldeog.debug.xcconfig */;
			buildSettings = {
				ASSETCATALOG_COMPILER_APPICON_NAME = AppIcon;
				ASSETCATALOG_COMPILER_GLOBAL_ACCENT_COLOR_NAME = AccentColor;
				CODE_SIGN_STYLE = Automatic;
				CURRENT_PROJECT_VERSION = 1;
				DEVELOPMENT_TEAM = 7X78626T5H;
				GENERATE_INFOPLIST_FILE = YES;
				INFOPLIST_FILE = Seldeog/Support/Info.plist;
				INFOPLIST_KEY_UIApplicationSceneManifest_Generation = YES;
				INFOPLIST_KEY_UIApplicationSupportsIndirectInputEvents = YES;
				INFOPLIST_KEY_UILaunchStoryboardName = LaunchScreen;
				INFOPLIST_KEY_UISupportedInterfaceOrientations = UIInterfaceOrientationPortrait;
				INFOPLIST_KEY_UISupportedInterfaceOrientations_iPad = "UIInterfaceOrientationPortrait UIInterfaceOrientationPortraitUpsideDown UIInterfaceOrientationLandscapeLeft UIInterfaceOrientationLandscapeRight";
				INFOPLIST_KEY_UISupportedInterfaceOrientations_iPhone = "UIInterfaceOrientationPortrait UIInterfaceOrientationLandscapeLeft UIInterfaceOrientationLandscapeRight";
				IPHONEOS_DEPLOYMENT_TARGET = 13.0;
				LD_RUNPATH_SEARCH_PATHS = (
					"$(inherited)",
					"@executable_path/Frameworks",
				);
				MARKETING_VERSION = 1.0;
				PRODUCT_BUNDLE_IDENTIFIER = com.datasturucter.Seldeog;
				PRODUCT_NAME = "$(TARGET_NAME)";
				SWIFT_EMIT_LOC_STRINGS = YES;
				SWIFT_VERSION = 5.0;
				TARGETED_DEVICE_FAMILY = "1,2";
			};
			name = Debug;
		};
		2D246C0427BF6E0700546F28 /* Release */ = {
			isa = XCBuildConfiguration;
			baseConfigurationReference = 0D613C9FD8BEDF1F07EAFD49 /* Pods-Seldeog.release.xcconfig */;
			buildSettings = {
				ASSETCATALOG_COMPILER_APPICON_NAME = AppIcon;
				ASSETCATALOG_COMPILER_GLOBAL_ACCENT_COLOR_NAME = AccentColor;
				CODE_SIGN_STYLE = Automatic;
				CURRENT_PROJECT_VERSION = 1;
				DEVELOPMENT_TEAM = 7X78626T5H;
				GENERATE_INFOPLIST_FILE = YES;
				INFOPLIST_FILE = Seldeog/Support/Info.plist;
				INFOPLIST_KEY_UIApplicationSceneManifest_Generation = YES;
				INFOPLIST_KEY_UIApplicationSupportsIndirectInputEvents = YES;
				INFOPLIST_KEY_UILaunchStoryboardName = LaunchScreen;
				INFOPLIST_KEY_UISupportedInterfaceOrientations = UIInterfaceOrientationPortrait;
				INFOPLIST_KEY_UISupportedInterfaceOrientations_iPad = "UIInterfaceOrientationPortrait UIInterfaceOrientationPortraitUpsideDown UIInterfaceOrientationLandscapeLeft UIInterfaceOrientationLandscapeRight";
				INFOPLIST_KEY_UISupportedInterfaceOrientations_iPhone = "UIInterfaceOrientationPortrait UIInterfaceOrientationLandscapeLeft UIInterfaceOrientationLandscapeRight";
				IPHONEOS_DEPLOYMENT_TARGET = 13.0;
				LD_RUNPATH_SEARCH_PATHS = (
					"$(inherited)",
					"@executable_path/Frameworks",
				);
				MARKETING_VERSION = 1.0;
				PRODUCT_BUNDLE_IDENTIFIER = com.datasturucter.Seldeog;
				PRODUCT_NAME = "$(TARGET_NAME)";
				SWIFT_EMIT_LOC_STRINGS = YES;
				SWIFT_VERSION = 5.0;
				TARGETED_DEVICE_FAMILY = "1,2";
			};
			name = Release;
		};
/* End XCBuildConfiguration section */

/* Begin XCConfigurationList section */
		2D246BE627BF6E0600546F28 /* Build configuration list for PBXProject "Seldeog" */ = {
			isa = XCConfigurationList;
			buildConfigurations = (
				2D246C0027BF6E0700546F28 /* Debug */,
				2D246C0127BF6E0700546F28 /* Release */,
			);
			defaultConfigurationIsVisible = 0;
			defaultConfigurationName = Release;
		};
		2D246C0227BF6E0700546F28 /* Build configuration list for PBXNativeTarget "Seldeog" */ = {
			isa = XCConfigurationList;
			buildConfigurations = (
				2D246C0327BF6E0700546F28 /* Debug */,
				2D246C0427BF6E0700546F28 /* Release */,
			);
			defaultConfigurationIsVisible = 0;
			defaultConfigurationName = Release;
		};
/* End XCConfigurationList section */

/* Begin XCVersionGroup section */
		2D246BF727BF6E0600546F28 /* Seldeog.xcdatamodeld */ = {
			isa = XCVersionGroup;
			children = (
				2D246BF827BF6E0600546F28 /* Seldeog.xcdatamodel */,
			);
			currentVersion = 2D246BF827BF6E0600546F28 /* Seldeog.xcdatamodel */;
			path = Seldeog.xcdatamodeld;
			sourceTree = "<group>";
			versionGroupType = wrapper.xcdatamodel;
		};
/* End XCVersionGroup section */
	};
	rootObject = 2D246BE327BF6E0600546F28 /* Project object */;
}
